// !$*UTF8*$!
{
	archiveVersion = 1;
	classes = {
	};
	objectVersion = 46;
	objects = {

/* Begin PBXBuildFile section */
		DE4DA1581D8DD758003183F4 /* AromaThrift.h in Headers */ = {isa = PBXBuildFile; fileRef = DE4DA1561D8DD758003183F4 /* AromaThrift.h */; settings = {ATTRIBUTES = (Public, ); }; };
		DE4DA17A1D8DD780003183F4 /* ApplicationService.h in Headers */ = {isa = PBXBuildFile; fileRef = DE4DA15E1D8DD780003183F4 /* ApplicationService.h */; settings = {ATTRIBUTES = (Public, ); }; };
		DE4DA17B1D8DD780003183F4 /* ApplicationService.m in Sources */ = {isa = PBXBuildFile; fileRef = DE4DA15F1D8DD780003183F4 /* ApplicationService.m */; };
		DE4DA17C1D8DD780003183F4 /* Aroma.h in Headers */ = {isa = PBXBuildFile; fileRef = DE4DA1601D8DD780003183F4 /* Aroma.h */; settings = {ATTRIBUTES = (Public, ); }; };
		DE4DA17D1D8DD780003183F4 /* Aroma.m in Sources */ = {isa = PBXBuildFile; fileRef = DE4DA1611D8DD780003183F4 /* Aroma.m */; };
		DE4DA17E1D8DD780003183F4 /* AromaService.h in Headers */ = {isa = PBXBuildFile; fileRef = DE4DA1621D8DD780003183F4 /* AromaService.h */; settings = {ATTRIBUTES = (Public, ); }; };
		DE4DA17F1D8DD780003183F4 /* AromaService.m in Sources */ = {isa = PBXBuildFile; fileRef = DE4DA1631D8DD780003183F4 /* AromaService.m */; };
		DE4DA1801D8DD780003183F4 /* Authentication.h in Headers */ = {isa = PBXBuildFile; fileRef = DE4DA1641D8DD780003183F4 /* Authentication.h */; settings = {ATTRIBUTES = (Public, ); }; };
		DE4DA1811D8DD780003183F4 /* Authentication.m in Sources */ = {isa = PBXBuildFile; fileRef = DE4DA1651D8DD780003183F4 /* Authentication.m */; };
		DE4DA1821D8DD780003183F4 /* AuthenticationService.h in Headers */ = {isa = PBXBuildFile; fileRef = DE4DA1661D8DD780003183F4 /* AuthenticationService.h */; settings = {ATTRIBUTES = (Public, ); }; };
		DE4DA1831D8DD780003183F4 /* AuthenticationService.m in Sources */ = {isa = PBXBuildFile; fileRef = DE4DA1671D8DD780003183F4 /* AuthenticationService.m */; };
		DE4DA1841D8DD780003183F4 /* Channels.h in Headers */ = {isa = PBXBuildFile; fileRef = DE4DA1681D8DD780003183F4 /* Channels.h */; settings = {ATTRIBUTES = (Public, ); }; };
		DE4DA1851D8DD780003183F4 /* Channels.m in Sources */ = {isa = PBXBuildFile; fileRef = DE4DA1691D8DD780003183F4 /* Channels.m */; };
		DE4DA1861D8DD780003183F4 /* Email.h in Headers */ = {isa = PBXBuildFile; fileRef = DE4DA16A1D8DD780003183F4 /* Email.h */; settings = {ATTRIBUTES = (Public, ); }; };
		DE4DA1871D8DD780003183F4 /* Email.m in Sources */ = {isa = PBXBuildFile; fileRef = DE4DA16B1D8DD780003183F4 /* Email.m */; };
		DE4DA1881D8DD780003183F4 /* EmailService.h in Headers */ = {isa = PBXBuildFile; fileRef = DE4DA16C1D8DD780003183F4 /* EmailService.h */; settings = {ATTRIBUTES = (Public, ); }; };
		DE4DA1891D8DD780003183F4 /* EmailService.m in Sources */ = {isa = PBXBuildFile; fileRef = DE4DA16D1D8DD780003183F4 /* EmailService.m */; };
		DE4DA18A1D8DD780003183F4 /* Endpoint.h in Headers */ = {isa = PBXBuildFile; fileRef = DE4DA16E1D8DD780003183F4 /* Endpoint.h */; settings = {ATTRIBUTES = (Public, ); }; };
		DE4DA18B1D8DD780003183F4 /* Endpoint.m in Sources */ = {isa = PBXBuildFile; fileRef = DE4DA16F1D8DD780003183F4 /* Endpoint.m */; };
		DE4DA18C1D8DD780003183F4 /* Events.h in Headers */ = {isa = PBXBuildFile; fileRef = DE4DA1701D8DD780003183F4 /* Events.h */; settings = {ATTRIBUTES = (Public, ); }; };
		DE4DA18D1D8DD780003183F4 /* Events.m in Sources */ = {isa = PBXBuildFile; fileRef = DE4DA1711D8DD780003183F4 /* Events.m */; };
		DE4DA18E1D8DD780003183F4 /* Exceptions.h in Headers */ = {isa = PBXBuildFile; fileRef = DE4DA1721D8DD780003183F4 /* Exceptions.h */; settings = {ATTRIBUTES = (Public, ); }; };
		DE4DA18F1D8DD780003183F4 /* Exceptions.m in Sources */ = {isa = PBXBuildFile; fileRef = DE4DA1731D8DD780003183F4 /* Exceptions.m */; };
		DE4DA1901D8DD780003183F4 /* MessageService.h in Headers */ = {isa = PBXBuildFile; fileRef = DE4DA1741D8DD780003183F4 /* MessageService.h */; settings = {ATTRIBUTES = (Public, ); }; };
		DE4DA1911D8DD780003183F4 /* MessageService.m in Sources */ = {isa = PBXBuildFile; fileRef = DE4DA1751D8DD780003183F4 /* MessageService.m */; };
		DE4DA1921D8DD780003183F4 /* NotificationService.h in Headers */ = {isa = PBXBuildFile; fileRef = DE4DA1761D8DD780003183F4 /* NotificationService.h */; settings = {ATTRIBUTES = (Public, ); }; };
		DE4DA1931D8DD780003183F4 /* NotificationService.m in Sources */ = {isa = PBXBuildFile; fileRef = DE4DA1771D8DD780003183F4 /* NotificationService.m */; };
		DE4DA1941D8DD780003183F4 /* Reactions.h in Headers */ = {isa = PBXBuildFile; fileRef = DE4DA1781D8DD780003183F4 /* Reactions.h */; settings = {ATTRIBUTES = (Public, ); }; };
		DE4DA1951D8DD780003183F4 /* Reactions.m in Sources */ = {isa = PBXBuildFile; fileRef = DE4DA1791D8DD780003183F4 /* Reactions.m */; };
		DE4DA2451D8DDE3B003183F4 /* TBase.h in Headers */ = {isa = PBXBuildFile; fileRef = DE4DA2121D8DDE3B003183F4 /* TBase.h */; settings = {ATTRIBUTES = (Public, ); }; };
		DE4DA2461D8DDE3B003183F4 /* TBinaryProtocol.h in Headers */ = {isa = PBXBuildFile; fileRef = DE4DA2131D8DDE3B003183F4 /* TBinaryProtocol.h */; settings = {ATTRIBUTES = (Public, ); }; };
		DE4DA2471D8DDE3B003183F4 /* TBinaryProtocol.m in Sources */ = {isa = PBXBuildFile; fileRef = DE4DA2141D8DDE3B003183F4 /* TBinaryProtocol.m */; };
		DE4DA2481D8DDE3B003183F4 /* TCompactProtocol.h in Headers */ = {isa = PBXBuildFile; fileRef = DE4DA2151D8DDE3B003183F4 /* TCompactProtocol.h */; settings = {ATTRIBUTES = (Public, ); }; };
		DE4DA2491D8DDE3B003183F4 /* TCompactProtocol.m in Sources */ = {isa = PBXBuildFile; fileRef = DE4DA2161D8DDE3B003183F4 /* TCompactProtocol.m */; };
		DE4DA24A1D8DDE3B003183F4 /* TMultiplexedProtocol.h in Headers */ = {isa = PBXBuildFile; fileRef = DE4DA2171D8DDE3B003183F4 /* TMultiplexedProtocol.h */; settings = {ATTRIBUTES = (Public, ); }; };
		DE4DA24B1D8DDE3B003183F4 /* TMultiplexedProtocol.m in Sources */ = {isa = PBXBuildFile; fileRef = DE4DA2181D8DDE3B003183F4 /* TMultiplexedProtocol.m */; };
		DE4DA24C1D8DDE3B003183F4 /* TProtocol.h in Headers */ = {isa = PBXBuildFile; fileRef = DE4DA2191D8DDE3B003183F4 /* TProtocol.h */; settings = {ATTRIBUTES = (Public, ); }; };
		DE4DA24D1D8DDE3B003183F4 /* TProtocolDecorator.h in Headers */ = {isa = PBXBuildFile; fileRef = DE4DA21A1D8DDE3B003183F4 /* TProtocolDecorator.h */; settings = {ATTRIBUTES = (Public, ); }; };
		DE4DA24E1D8DDE3B003183F4 /* TProtocolDecorator.m in Sources */ = {isa = PBXBuildFile; fileRef = DE4DA21B1D8DDE3B003183F4 /* TProtocolDecorator.m */; };
		DE4DA24F1D8DDE3B003183F4 /* TProtocolException.h in Headers */ = {isa = PBXBuildFile; fileRef = DE4DA21C1D8DDE3B003183F4 /* TProtocolException.h */; settings = {ATTRIBUTES = (Public, ); }; };
		DE4DA2501D8DDE3B003183F4 /* TProtocolException.m in Sources */ = {isa = PBXBuildFile; fileRef = DE4DA21D1D8DDE3B003183F4 /* TProtocolException.m */; };
		DE4DA2511D8DDE3B003183F4 /* TProtocolFactory.h in Headers */ = {isa = PBXBuildFile; fileRef = DE4DA21E1D8DDE3B003183F4 /* TProtocolFactory.h */; settings = {ATTRIBUTES = (Public, ); }; };
		DE4DA2521D8DDE3B003183F4 /* TProtocolUtil.h in Headers */ = {isa = PBXBuildFile; fileRef = DE4DA21F1D8DDE3B003183F4 /* TProtocolUtil.h */; settings = {ATTRIBUTES = (Public, ); }; };
		DE4DA2531D8DDE3B003183F4 /* TProtocolUtil.m in Sources */ = {isa = PBXBuildFile; fileRef = DE4DA2201D8DDE3B003183F4 /* TProtocolUtil.m */; };
		DE4DA2541D8DDE3B003183F4 /* TSocketServer.h in Headers */ = {isa = PBXBuildFile; fileRef = DE4DA2221D8DDE3B003183F4 /* TSocketServer.h */; settings = {ATTRIBUTES = (Public, ); }; };
		DE4DA2551D8DDE3B003183F4 /* TSocketServer.m in Sources */ = {isa = PBXBuildFile; fileRef = DE4DA2231D8DDE3B003183F4 /* TSocketServer.m */; };
		DE4DA2561D8DDE3B003183F4 /* TApplicationException.h in Headers */ = {isa = PBXBuildFile; fileRef = DE4DA2241D8DDE3B003183F4 /* TApplicationException.h */; settings = {ATTRIBUTES = (Public, ); }; };
		DE4DA2571D8DDE3B003183F4 /* TApplicationException.m in Sources */ = {isa = PBXBuildFile; fileRef = DE4DA2251D8DDE3B003183F4 /* TApplicationException.m */; };
		DE4DA2581D8DDE3B003183F4 /* TBaseClient.h in Headers */ = {isa = PBXBuildFile; fileRef = DE4DA2261D8DDE3B003183F4 /* TBaseClient.h */; settings = {ATTRIBUTES = (Public, ); }; };
		DE4DA2591D8DDE3B003183F4 /* TBaseClient.m in Sources */ = {isa = PBXBuildFile; fileRef = DE4DA2271D8DDE3B003183F4 /* TBaseClient.m */; };
		DE4DA25A1D8DDE3B003183F4 /* TException.h in Headers */ = {isa = PBXBuildFile; fileRef = DE4DA2281D8DDE3B003183F4 /* TException.h */; settings = {ATTRIBUTES = (Public, ); }; };
		DE4DA25B1D8DDE3B003183F4 /* TException.m in Sources */ = {isa = PBXBuildFile; fileRef = DE4DA2291D8DDE3B003183F4 /* TException.m */; };
		DE4DA25C1D8DDE3B003183F4 /* Thrift.h in Headers */ = {isa = PBXBuildFile; fileRef = DE4DA22A1D8DDE3B003183F4 /* Thrift.h */; settings = {ATTRIBUTES = (Public, ); }; };
		DE4DA25D1D8DDE3B003183F4 /* TObjective-C.h in Headers */ = {isa = PBXBuildFile; fileRef = DE4DA22B1D8DDE3B003183F4 /* TObjective-C.h */; settings = {ATTRIBUTES = (Public, ); }; };
		DE4DA25E1D8DDE3B003183F4 /* TProcessor.h in Headers */ = {isa = PBXBuildFile; fileRef = DE4DA22C1D8DDE3B003183F4 /* TProcessor.h */; settings = {ATTRIBUTES = (Public, ); }; };
		DE4DA25F1D8DDE3B003183F4 /* TProcessorFactory.h in Headers */ = {isa = PBXBuildFile; fileRef = DE4DA22D1D8DDE3B003183F4 /* TProcessorFactory.h */; settings = {ATTRIBUTES = (Public, ); }; };
		DE4DA2601D8DDE3B003183F4 /* TAsyncTransport.h in Headers */ = {isa = PBXBuildFile; fileRef = DE4DA22F1D8DDE3B003183F4 /* TAsyncTransport.h */; settings = {ATTRIBUTES = (Public, ); }; };
		DE4DA2611D8DDE3B003183F4 /* TFramedTransport.h in Headers */ = {isa = PBXBuildFile; fileRef = DE4DA2301D8DDE3B003183F4 /* TFramedTransport.h */; settings = {ATTRIBUTES = (Public, ); }; };
		DE4DA2621D8DDE3B003183F4 /* TFramedTransport.m in Sources */ = {isa = PBXBuildFile; fileRef = DE4DA2311D8DDE3B003183F4 /* TFramedTransport.m */; };
		DE4DA2631D8DDE3B003183F4 /* THTTPClient.h in Headers */ = {isa = PBXBuildFile; fileRef = DE4DA2321D8DDE3B003183F4 /* THTTPClient.h */; settings = {ATTRIBUTES = (Public, ); }; };
		DE4DA2641D8DDE3B003183F4 /* THTTPClient.m in Sources */ = {isa = PBXBuildFile; fileRef = DE4DA2331D8DDE3B003183F4 /* THTTPClient.m */; };
		DE4DA2651D8DDE3B003183F4 /* TMemoryBuffer.h in Headers */ = {isa = PBXBuildFile; fileRef = DE4DA2341D8DDE3B003183F4 /* TMemoryBuffer.h */; settings = {ATTRIBUTES = (Public, ); }; };
		DE4DA2661D8DDE3B003183F4 /* TMemoryBuffer.m in Sources */ = {isa = PBXBuildFile; fileRef = DE4DA2351D8DDE3B003183F4 /* TMemoryBuffer.m */; };
		DE4DA2671D8DDE3B003183F4 /* TNSFileHandleTransport.h in Headers */ = {isa = PBXBuildFile; fileRef = DE4DA2361D8DDE3B003183F4 /* TNSFileHandleTransport.h */; settings = {ATTRIBUTES = (Public, ); }; };
		DE4DA2681D8DDE3B003183F4 /* TNSFileHandleTransport.m in Sources */ = {isa = PBXBuildFile; fileRef = DE4DA2371D8DDE3B003183F4 /* TNSFileHandleTransport.m */; };
		DE4DA2691D8DDE3B003183F4 /* TNSStreamTransport.h in Headers */ = {isa = PBXBuildFile; fileRef = DE4DA2381D8DDE3B003183F4 /* TNSStreamTransport.h */; settings = {ATTRIBUTES = (Public, ); }; };
		DE4DA26A1D8DDE3B003183F4 /* TNSStreamTransport.m in Sources */ = {isa = PBXBuildFile; fileRef = DE4DA2391D8DDE3B003183F4 /* TNSStreamTransport.m */; };
		DE4DA26B1D8DDE3B003183F4 /* TSocketClient.h in Headers */ = {isa = PBXBuildFile; fileRef = DE4DA23A1D8DDE3B003183F4 /* TSocketClient.h */; settings = {ATTRIBUTES = (Public, ); }; };
		DE4DA26C1D8DDE3B003183F4 /* TSocketClient.m in Sources */ = {isa = PBXBuildFile; fileRef = DE4DA23B1D8DDE3B003183F4 /* TSocketClient.m */; };
		DE4DA26D1D8DDE3B003183F4 /* TSSLSocketClient.h in Headers */ = {isa = PBXBuildFile; fileRef = DE4DA23C1D8DDE3B003183F4 /* TSSLSocketClient.h */; settings = {ATTRIBUTES = (Public, ); }; };
		DE4DA26E1D8DDE3B003183F4 /* TSSLSocketClient.m in Sources */ = {isa = PBXBuildFile; fileRef = DE4DA23D1D8DDE3B003183F4 /* TSSLSocketClient.m */; };
		DE4DA26F1D8DDE3B003183F4 /* TSSLSocketException.h in Headers */ = {isa = PBXBuildFile; fileRef = DE4DA23E1D8DDE3B003183F4 /* TSSLSocketException.h */; settings = {ATTRIBUTES = (Public, ); }; };
		DE4DA2701D8DDE3B003183F4 /* TSSLSocketException.m in Sources */ = {isa = PBXBuildFile; fileRef = DE4DA23F1D8DDE3B003183F4 /* TSSLSocketException.m */; };
		DE4DA2711D8DDE3B003183F4 /* TTransport.h in Headers */ = {isa = PBXBuildFile; fileRef = DE4DA2401D8DDE3B003183F4 /* TTransport.h */; settings = {ATTRIBUTES = (Public, ); }; };
		DE4DA2721D8DDE3B003183F4 /* TTransportException.h in Headers */ = {isa = PBXBuildFile; fileRef = DE4DA2411D8DDE3B003183F4 /* TTransportException.h */; settings = {ATTRIBUTES = (Public, ); }; };
		DE4DA2731D8DDE3B003183F4 /* TTransportException.m in Sources */ = {isa = PBXBuildFile; fileRef = DE4DA2421D8DDE3B003183F4 /* TTransportException.m */; };
		DE4DA2741D8DDE3B003183F4 /* TSharedProcessorFactory.h in Headers */ = {isa = PBXBuildFile; fileRef = DE4DA2431D8DDE3B003183F4 /* TSharedProcessorFactory.h */; settings = {ATTRIBUTES = (Public, ); }; };
		DE4DA2751D8DDE3B003183F4 /* TSharedProcessorFactory.m in Sources */ = {isa = PBXBuildFile; fileRef = DE4DA2441D8DDE3B003183F4 /* TSharedProcessorFactory.m */; };
/* End PBXBuildFile section */

/* Begin PBXCopyFilesBuildPhase section */
		DE4DA1A11D8DD8B1003183F4 /* CopyFiles */ = {
			isa = PBXCopyFilesBuildPhase;
			buildActionMask = 2147483647;
			dstPath = "";
			dstSubfolderSpec = 7;
			files = (
			);
			runOnlyForDeploymentPostprocessing = 0;
		};
/* End PBXCopyFilesBuildPhase section */

/* Begin PBXFileReference section */
		DE4DA1531D8DD758003183F4 /* AromaThrift.framework */ = {isa = PBXFileReference; explicitFileType = wrapper.framework; includeInIndex = 0; path = AromaThrift.framework; sourceTree = BUILT_PRODUCTS_DIR; };
		DE4DA1561D8DD758003183F4 /* AromaThrift.h */ = {isa = PBXFileReference; lastKnownFileType = sourcecode.c.h; path = AromaThrift.h; sourceTree = "<group>"; };
		DE4DA1571D8DD758003183F4 /* Info.plist */ = {isa = PBXFileReference; lastKnownFileType = text.plist.xml; path = Info.plist; sourceTree = "<group>"; };
		DE4DA15E1D8DD780003183F4 /* ApplicationService.h */ = {isa = PBXFileReference; fileEncoding = 4; lastKnownFileType = sourcecode.c.h; path = ApplicationService.h; sourceTree = "<group>"; };
		DE4DA15F1D8DD780003183F4 /* ApplicationService.m */ = {isa = PBXFileReference; fileEncoding = 4; lastKnownFileType = sourcecode.c.objc; path = ApplicationService.m; sourceTree = "<group>"; };
		DE4DA1601D8DD780003183F4 /* Aroma.h */ = {isa = PBXFileReference; fileEncoding = 4; lastKnownFileType = sourcecode.c.h; path = Aroma.h; sourceTree = "<group>"; };
		DE4DA1611D8DD780003183F4 /* Aroma.m */ = {isa = PBXFileReference; fileEncoding = 4; lastKnownFileType = sourcecode.c.objc; path = Aroma.m; sourceTree = "<group>"; };
		DE4DA1621D8DD780003183F4 /* AromaService.h */ = {isa = PBXFileReference; fileEncoding = 4; lastKnownFileType = sourcecode.c.h; path = AromaService.h; sourceTree = "<group>"; };
		DE4DA1631D8DD780003183F4 /* AromaService.m */ = {isa = PBXFileReference; fileEncoding = 4; lastKnownFileType = sourcecode.c.objc; path = AromaService.m; sourceTree = "<group>"; };
		DE4DA1641D8DD780003183F4 /* Authentication.h */ = {isa = PBXFileReference; fileEncoding = 4; lastKnownFileType = sourcecode.c.h; path = Authentication.h; sourceTree = "<group>"; };
		DE4DA1651D8DD780003183F4 /* Authentication.m */ = {isa = PBXFileReference; fileEncoding = 4; lastKnownFileType = sourcecode.c.objc; path = Authentication.m; sourceTree = "<group>"; };
		DE4DA1661D8DD780003183F4 /* AuthenticationService.h */ = {isa = PBXFileReference; fileEncoding = 4; lastKnownFileType = sourcecode.c.h; path = AuthenticationService.h; sourceTree = "<group>"; };
		DE4DA1671D8DD780003183F4 /* AuthenticationService.m */ = {isa = PBXFileReference; fileEncoding = 4; lastKnownFileType = sourcecode.c.objc; path = AuthenticationService.m; sourceTree = "<group>"; };
		DE4DA1681D8DD780003183F4 /* Channels.h */ = {isa = PBXFileReference; fileEncoding = 4; lastKnownFileType = sourcecode.c.h; path = Channels.h; sourceTree = "<group>"; };
		DE4DA1691D8DD780003183F4 /* Channels.m */ = {isa = PBXFileReference; fileEncoding = 4; lastKnownFileType = sourcecode.c.objc; path = Channels.m; sourceTree = "<group>"; };
		DE4DA16A1D8DD780003183F4 /* Email.h */ = {isa = PBXFileReference; fileEncoding = 4; lastKnownFileType = sourcecode.c.h; path = Email.h; sourceTree = "<group>"; };
		DE4DA16B1D8DD780003183F4 /* Email.m */ = {isa = PBXFileReference; fileEncoding = 4; lastKnownFileType = sourcecode.c.objc; path = Email.m; sourceTree = "<group>"; };
		DE4DA16C1D8DD780003183F4 /* EmailService.h */ = {isa = PBXFileReference; fileEncoding = 4; lastKnownFileType = sourcecode.c.h; path = EmailService.h; sourceTree = "<group>"; };
		DE4DA16D1D8DD780003183F4 /* EmailService.m */ = {isa = PBXFileReference; fileEncoding = 4; lastKnownFileType = sourcecode.c.objc; path = EmailService.m; sourceTree = "<group>"; };
		DE4DA16E1D8DD780003183F4 /* Endpoint.h */ = {isa = PBXFileReference; fileEncoding = 4; lastKnownFileType = sourcecode.c.h; path = Endpoint.h; sourceTree = "<group>"; };
		DE4DA16F1D8DD780003183F4 /* Endpoint.m */ = {isa = PBXFileReference; fileEncoding = 4; lastKnownFileType = sourcecode.c.objc; path = Endpoint.m; sourceTree = "<group>"; };
		DE4DA1701D8DD780003183F4 /* Events.h */ = {isa = PBXFileReference; fileEncoding = 4; lastKnownFileType = sourcecode.c.h; path = Events.h; sourceTree = "<group>"; };
		DE4DA1711D8DD780003183F4 /* Events.m */ = {isa = PBXFileReference; fileEncoding = 4; lastKnownFileType = sourcecode.c.objc; path = Events.m; sourceTree = "<group>"; };
		DE4DA1721D8DD780003183F4 /* Exceptions.h */ = {isa = PBXFileReference; fileEncoding = 4; lastKnownFileType = sourcecode.c.h; path = Exceptions.h; sourceTree = "<group>"; };
		DE4DA1731D8DD780003183F4 /* Exceptions.m */ = {isa = PBXFileReference; fileEncoding = 4; lastKnownFileType = sourcecode.c.objc; path = Exceptions.m; sourceTree = "<group>"; };
		DE4DA1741D8DD780003183F4 /* MessageService.h */ = {isa = PBXFileReference; fileEncoding = 4; lastKnownFileType = sourcecode.c.h; path = MessageService.h; sourceTree = "<group>"; };
		DE4DA1751D8DD780003183F4 /* MessageService.m */ = {isa = PBXFileReference; fileEncoding = 4; lastKnownFileType = sourcecode.c.objc; path = MessageService.m; sourceTree = "<group>"; };
		DE4DA1761D8DD780003183F4 /* NotificationService.h */ = {isa = PBXFileReference; fileEncoding = 4; lastKnownFileType = sourcecode.c.h; path = NotificationService.h; sourceTree = "<group>"; };
		DE4DA1771D8DD780003183F4 /* NotificationService.m */ = {isa = PBXFileReference; fileEncoding = 4; lastKnownFileType = sourcecode.c.objc; path = NotificationService.m; sourceTree = "<group>"; };
		DE4DA1781D8DD780003183F4 /* Reactions.h */ = {isa = PBXFileReference; fileEncoding = 4; lastKnownFileType = sourcecode.c.h; path = Reactions.h; sourceTree = "<group>"; };
		DE4DA1791D8DD780003183F4 /* Reactions.m */ = {isa = PBXFileReference; fileEncoding = 4; lastKnownFileType = sourcecode.c.objc; path = Reactions.m; sourceTree = "<group>"; };
		DE4DA2121D8DDE3B003183F4 /* TBase.h */ = {isa = PBXFileReference; fileEncoding = 4; lastKnownFileType = sourcecode.c.h; path = TBase.h; sourceTree = "<group>"; };
		DE4DA2131D8DDE3B003183F4 /* TBinaryProtocol.h */ = {isa = PBXFileReference; fileEncoding = 4; lastKnownFileType = sourcecode.c.h; path = TBinaryProtocol.h; sourceTree = "<group>"; };
		DE4DA2141D8DDE3B003183F4 /* TBinaryProtocol.m */ = {isa = PBXFileReference; fileEncoding = 4; lastKnownFileType = sourcecode.c.objc; path = TBinaryProtocol.m; sourceTree = "<group>"; };
		DE4DA2151D8DDE3B003183F4 /* TCompactProtocol.h */ = {isa = PBXFileReference; fileEncoding = 4; lastKnownFileType = sourcecode.c.h; path = TCompactProtocol.h; sourceTree = "<group>"; };
		DE4DA2161D8DDE3B003183F4 /* TCompactProtocol.m */ = {isa = PBXFileReference; fileEncoding = 4; lastKnownFileType = sourcecode.c.objc; path = TCompactProtocol.m; sourceTree = "<group>"; };
		DE4DA2171D8DDE3B003183F4 /* TMultiplexedProtocol.h */ = {isa = PBXFileReference; fileEncoding = 4; lastKnownFileType = sourcecode.c.h; path = TMultiplexedProtocol.h; sourceTree = "<group>"; };
		DE4DA2181D8DDE3B003183F4 /* TMultiplexedProtocol.m */ = {isa = PBXFileReference; fileEncoding = 4; lastKnownFileType = sourcecode.c.objc; path = TMultiplexedProtocol.m; sourceTree = "<group>"; };
		DE4DA2191D8DDE3B003183F4 /* TProtocol.h */ = {isa = PBXFileReference; fileEncoding = 4; lastKnownFileType = sourcecode.c.h; path = TProtocol.h; sourceTree = "<group>"; };
		DE4DA21A1D8DDE3B003183F4 /* TProtocolDecorator.h */ = {isa = PBXFileReference; fileEncoding = 4; lastKnownFileType = sourcecode.c.h; path = TProtocolDecorator.h; sourceTree = "<group>"; };
		DE4DA21B1D8DDE3B003183F4 /* TProtocolDecorator.m */ = {isa = PBXFileReference; fileEncoding = 4; lastKnownFileType = sourcecode.c.objc; path = TProtocolDecorator.m; sourceTree = "<group>"; };
		DE4DA21C1D8DDE3B003183F4 /* TProtocolException.h */ = {isa = PBXFileReference; fileEncoding = 4; lastKnownFileType = sourcecode.c.h; path = TProtocolException.h; sourceTree = "<group>"; };
		DE4DA21D1D8DDE3B003183F4 /* TProtocolException.m */ = {isa = PBXFileReference; fileEncoding = 4; lastKnownFileType = sourcecode.c.objc; path = TProtocolException.m; sourceTree = "<group>"; };
		DE4DA21E1D8DDE3B003183F4 /* TProtocolFactory.h */ = {isa = PBXFileReference; fileEncoding = 4; lastKnownFileType = sourcecode.c.h; path = TProtocolFactory.h; sourceTree = "<group>"; };
		DE4DA21F1D8DDE3B003183F4 /* TProtocolUtil.h */ = {isa = PBXFileReference; fileEncoding = 4; lastKnownFileType = sourcecode.c.h; path = TProtocolUtil.h; sourceTree = "<group>"; };
		DE4DA2201D8DDE3B003183F4 /* TProtocolUtil.m */ = {isa = PBXFileReference; fileEncoding = 4; lastKnownFileType = sourcecode.c.objc; path = TProtocolUtil.m; sourceTree = "<group>"; };
		DE4DA2221D8DDE3B003183F4 /* TSocketServer.h */ = {isa = PBXFileReference; fileEncoding = 4; lastKnownFileType = sourcecode.c.h; path = TSocketServer.h; sourceTree = "<group>"; };
		DE4DA2231D8DDE3B003183F4 /* TSocketServer.m */ = {isa = PBXFileReference; fileEncoding = 4; lastKnownFileType = sourcecode.c.objc; path = TSocketServer.m; sourceTree = "<group>"; };
		DE4DA2241D8DDE3B003183F4 /* TApplicationException.h */ = {isa = PBXFileReference; fileEncoding = 4; lastKnownFileType = sourcecode.c.h; path = TApplicationException.h; sourceTree = "<group>"; };
		DE4DA2251D8DDE3B003183F4 /* TApplicationException.m */ = {isa = PBXFileReference; fileEncoding = 4; lastKnownFileType = sourcecode.c.objc; path = TApplicationException.m; sourceTree = "<group>"; };
		DE4DA2261D8DDE3B003183F4 /* TBaseClient.h */ = {isa = PBXFileReference; fileEncoding = 4; lastKnownFileType = sourcecode.c.h; path = TBaseClient.h; sourceTree = "<group>"; };
		DE4DA2271D8DDE3B003183F4 /* TBaseClient.m */ = {isa = PBXFileReference; fileEncoding = 4; lastKnownFileType = sourcecode.c.objc; path = TBaseClient.m; sourceTree = "<group>"; };
		DE4DA2281D8DDE3B003183F4 /* TException.h */ = {isa = PBXFileReference; fileEncoding = 4; lastKnownFileType = sourcecode.c.h; path = TException.h; sourceTree = "<group>"; };
		DE4DA2291D8DDE3B003183F4 /* TException.m */ = {isa = PBXFileReference; fileEncoding = 4; lastKnownFileType = sourcecode.c.objc; path = TException.m; sourceTree = "<group>"; };
		DE4DA22A1D8DDE3B003183F4 /* Thrift.h */ = {isa = PBXFileReference; fileEncoding = 4; lastKnownFileType = sourcecode.c.h; path = Thrift.h; sourceTree = "<group>"; };
		DE4DA22B1D8DDE3B003183F4 /* TObjective-C.h */ = {isa = PBXFileReference; fileEncoding = 4; lastKnownFileType = sourcecode.c.h; path = "TObjective-C.h"; sourceTree = "<group>"; };
		DE4DA22C1D8DDE3B003183F4 /* TProcessor.h */ = {isa = PBXFileReference; fileEncoding = 4; lastKnownFileType = sourcecode.c.h; path = TProcessor.h; sourceTree = "<group>"; };
		DE4DA22D1D8DDE3B003183F4 /* TProcessorFactory.h */ = {isa = PBXFileReference; fileEncoding = 4; lastKnownFileType = sourcecode.c.h; path = TProcessorFactory.h; sourceTree = "<group>"; };
		DE4DA22F1D8DDE3B003183F4 /* TAsyncTransport.h */ = {isa = PBXFileReference; fileEncoding = 4; lastKnownFileType = sourcecode.c.h; path = TAsyncTransport.h; sourceTree = "<group>"; };
		DE4DA2301D8DDE3B003183F4 /* TFramedTransport.h */ = {isa = PBXFileReference; fileEncoding = 4; lastKnownFileType = sourcecode.c.h; path = TFramedTransport.h; sourceTree = "<group>"; };
		DE4DA2311D8DDE3B003183F4 /* TFramedTransport.m */ = {isa = PBXFileReference; fileEncoding = 4; lastKnownFileType = sourcecode.c.objc; path = TFramedTransport.m; sourceTree = "<group>"; };
		DE4DA2321D8DDE3B003183F4 /* THTTPClient.h */ = {isa = PBXFileReference; fileEncoding = 4; lastKnownFileType = sourcecode.c.h; path = THTTPClient.h; sourceTree = "<group>"; };
		DE4DA2331D8DDE3B003183F4 /* THTTPClient.m */ = {isa = PBXFileReference; fileEncoding = 4; lastKnownFileType = sourcecode.c.objc; path = THTTPClient.m; sourceTree = "<group>"; };
		DE4DA2341D8DDE3B003183F4 /* TMemoryBuffer.h */ = {isa = PBXFileReference; fileEncoding = 4; lastKnownFileType = sourcecode.c.h; path = TMemoryBuffer.h; sourceTree = "<group>"; };
		DE4DA2351D8DDE3B003183F4 /* TMemoryBuffer.m */ = {isa = PBXFileReference; fileEncoding = 4; lastKnownFileType = sourcecode.c.objc; path = TMemoryBuffer.m; sourceTree = "<group>"; };
		DE4DA2361D8DDE3B003183F4 /* TNSFileHandleTransport.h */ = {isa = PBXFileReference; fileEncoding = 4; lastKnownFileType = sourcecode.c.h; path = TNSFileHandleTransport.h; sourceTree = "<group>"; };
		DE4DA2371D8DDE3B003183F4 /* TNSFileHandleTransport.m */ = {isa = PBXFileReference; fileEncoding = 4; lastKnownFileType = sourcecode.c.objc; path = TNSFileHandleTransport.m; sourceTree = "<group>"; };
		DE4DA2381D8DDE3B003183F4 /* TNSStreamTransport.h */ = {isa = PBXFileReference; fileEncoding = 4; lastKnownFileType = sourcecode.c.h; path = TNSStreamTransport.h; sourceTree = "<group>"; };
		DE4DA2391D8DDE3B003183F4 /* TNSStreamTransport.m */ = {isa = PBXFileReference; fileEncoding = 4; lastKnownFileType = sourcecode.c.objc; path = TNSStreamTransport.m; sourceTree = "<group>"; };
		DE4DA23A1D8DDE3B003183F4 /* TSocketClient.h */ = {isa = PBXFileReference; fileEncoding = 4; lastKnownFileType = sourcecode.c.h; path = TSocketClient.h; sourceTree = "<group>"; };
		DE4DA23B1D8DDE3B003183F4 /* TSocketClient.m */ = {isa = PBXFileReference; fileEncoding = 4; lastKnownFileType = sourcecode.c.objc; path = TSocketClient.m; sourceTree = "<group>"; };
		DE4DA23C1D8DDE3B003183F4 /* TSSLSocketClient.h */ = {isa = PBXFileReference; fileEncoding = 4; lastKnownFileType = sourcecode.c.h; path = TSSLSocketClient.h; sourceTree = "<group>"; };
		DE4DA23D1D8DDE3B003183F4 /* TSSLSocketClient.m */ = {isa = PBXFileReference; fileEncoding = 4; lastKnownFileType = sourcecode.c.objc; path = TSSLSocketClient.m; sourceTree = "<group>"; };
		DE4DA23E1D8DDE3B003183F4 /* TSSLSocketException.h */ = {isa = PBXFileReference; fileEncoding = 4; lastKnownFileType = sourcecode.c.h; path = TSSLSocketException.h; sourceTree = "<group>"; };
		DE4DA23F1D8DDE3B003183F4 /* TSSLSocketException.m */ = {isa = PBXFileReference; fileEncoding = 4; lastKnownFileType = sourcecode.c.objc; path = TSSLSocketException.m; sourceTree = "<group>"; };
		DE4DA2401D8DDE3B003183F4 /* TTransport.h */ = {isa = PBXFileReference; fileEncoding = 4; lastKnownFileType = sourcecode.c.h; path = TTransport.h; sourceTree = "<group>"; };
		DE4DA2411D8DDE3B003183F4 /* TTransportException.h */ = {isa = PBXFileReference; fileEncoding = 4; lastKnownFileType = sourcecode.c.h; path = TTransportException.h; sourceTree = "<group>"; };
		DE4DA2421D8DDE3B003183F4 /* TTransportException.m */ = {isa = PBXFileReference; fileEncoding = 4; lastKnownFileType = sourcecode.c.objc; path = TTransportException.m; sourceTree = "<group>"; };
		DE4DA2431D8DDE3B003183F4 /* TSharedProcessorFactory.h */ = {isa = PBXFileReference; fileEncoding = 4; lastKnownFileType = sourcecode.c.h; path = TSharedProcessorFactory.h; sourceTree = "<group>"; };
		DE4DA2441D8DDE3B003183F4 /* TSharedProcessorFactory.m */ = {isa = PBXFileReference; fileEncoding = 4; lastKnownFileType = sourcecode.c.objc; path = TSharedProcessorFactory.m; sourceTree = "<group>"; };
/* End PBXFileReference section */

/* Begin PBXFrameworksBuildPhase section */
		DE4DA14F1D8DD758003183F4 /* Frameworks */ = {
			isa = PBXFrameworksBuildPhase;
			buildActionMask = 2147483647;
			files = (
			);
			runOnlyForDeploymentPostprocessing = 0;
		};
/* End PBXFrameworksBuildPhase section */

/* Begin PBXGroup section */
		DE4DA1491D8DD758003183F4 = {
			isa = PBXGroup;
			children = (
				DE4DA1551D8DD758003183F4 /* AromaThrift */,
				DE4DA1541D8DD758003183F4 /* Products */,
				DE4DA1961D8DD79D003183F4 /* Frameworks */,
			);
			sourceTree = "<group>";
		};
		DE4DA1541D8DD758003183F4 /* Products */ = {
			isa = PBXGroup;
			children = (
				DE4DA1531D8DD758003183F4 /* AromaThrift.framework */,
			);
			name = Products;
			sourceTree = "<group>";
		};
		DE4DA1551D8DD758003183F4 /* AromaThrift */ = {
			isa = PBXGroup;
			children = (
				DE4DA2101D8DDE26003183F4 /* Thrift */,
				DE4DA1561D8DD758003183F4 /* AromaThrift.h */,
				DE4DA15E1D8DD780003183F4 /* ApplicationService.h */,
				DE4DA15F1D8DD780003183F4 /* ApplicationService.m */,
				DE4DA1601D8DD780003183F4 /* Aroma.h */,
				DE4DA1611D8DD780003183F4 /* Aroma.m */,
				DE4DA1621D8DD780003183F4 /* AromaService.h */,
				DE4DA1631D8DD780003183F4 /* AromaService.m */,
				DE4DA1641D8DD780003183F4 /* Authentication.h */,
				DE4DA1651D8DD780003183F4 /* Authentication.m */,
				DE4DA1661D8DD780003183F4 /* AuthenticationService.h */,
				DE4DA1671D8DD780003183F4 /* AuthenticationService.m */,
				DE4DA1681D8DD780003183F4 /* Channels.h */,
				DE4DA1691D8DD780003183F4 /* Channels.m */,
				DE4DA16A1D8DD780003183F4 /* Email.h */,
				DE4DA16B1D8DD780003183F4 /* Email.m */,
				DE4DA16C1D8DD780003183F4 /* EmailService.h */,
				DE4DA16D1D8DD780003183F4 /* EmailService.m */,
				DE4DA16E1D8DD780003183F4 /* Endpoint.h */,
				DE4DA16F1D8DD780003183F4 /* Endpoint.m */,
				DE4DA1701D8DD780003183F4 /* Events.h */,
				DE4DA1711D8DD780003183F4 /* Events.m */,
				DE4DA1721D8DD780003183F4 /* Exceptions.h */,
				DE4DA1731D8DD780003183F4 /* Exceptions.m */,
				DE4DA1741D8DD780003183F4 /* MessageService.h */,
				DE4DA1751D8DD780003183F4 /* MessageService.m */,
				DE4DA1761D8DD780003183F4 /* NotificationService.h */,
				DE4DA1771D8DD780003183F4 /* NotificationService.m */,
				DE4DA1781D8DD780003183F4 /* Reactions.h */,
				DE4DA1791D8DD780003183F4 /* Reactions.m */,
				DE4DA1571D8DD758003183F4 /* Info.plist */,
			);
			path = AromaThrift;
			sourceTree = "<group>";
		};
		DE4DA1961D8DD79D003183F4 /* Frameworks */ = {
			isa = PBXGroup;
			children = (
			);
			name = Frameworks;
			sourceTree = "<group>";
		};
		DE4DA2101D8DDE26003183F4 /* Thrift */ = {
			isa = PBXGroup;
			children = (
				DE4DA2111D8DDE3B003183F4 /* protocol */,
				DE4DA2211D8DDE3B003183F4 /* server */,
				DE4DA2241D8DDE3B003183F4 /* TApplicationException.h */,
				DE4DA2251D8DDE3B003183F4 /* TApplicationException.m */,
				DE4DA2261D8DDE3B003183F4 /* TBaseClient.h */,
				DE4DA2271D8DDE3B003183F4 /* TBaseClient.m */,
				DE4DA2281D8DDE3B003183F4 /* TException.h */,
				DE4DA2291D8DDE3B003183F4 /* TException.m */,
				DE4DA22A1D8DDE3B003183F4 /* Thrift.h */,
				DE4DA22B1D8DDE3B003183F4 /* TObjective-C.h */,
				DE4DA22C1D8DDE3B003183F4 /* TProcessor.h */,
				DE4DA22D1D8DDE3B003183F4 /* TProcessorFactory.h */,
				DE4DA22E1D8DDE3B003183F4 /* transport */,
				DE4DA2431D8DDE3B003183F4 /* TSharedProcessorFactory.h */,
				DE4DA2441D8DDE3B003183F4 /* TSharedProcessorFactory.m */,
			);
			name = Thrift;
			sourceTree = "<group>";
		};
		DE4DA2111D8DDE3B003183F4 /* protocol */ = {
			isa = PBXGroup;
			children = (
				DE4DA2121D8DDE3B003183F4 /* TBase.h */,
				DE4DA2131D8DDE3B003183F4 /* TBinaryProtocol.h */,
				DE4DA2141D8DDE3B003183F4 /* TBinaryProtocol.m */,
				DE4DA2151D8DDE3B003183F4 /* TCompactProtocol.h */,
				DE4DA2161D8DDE3B003183F4 /* TCompactProtocol.m */,
				DE4DA2171D8DDE3B003183F4 /* TMultiplexedProtocol.h */,
				DE4DA2181D8DDE3B003183F4 /* TMultiplexedProtocol.m */,
				DE4DA2191D8DDE3B003183F4 /* TProtocol.h */,
				DE4DA21A1D8DDE3B003183F4 /* TProtocolDecorator.h */,
				DE4DA21B1D8DDE3B003183F4 /* TProtocolDecorator.m */,
				DE4DA21C1D8DDE3B003183F4 /* TProtocolException.h */,
				DE4DA21D1D8DDE3B003183F4 /* TProtocolException.m */,
				DE4DA21E1D8DDE3B003183F4 /* TProtocolFactory.h */,
				DE4DA21F1D8DDE3B003183F4 /* TProtocolUtil.h */,
				DE4DA2201D8DDE3B003183F4 /* TProtocolUtil.m */,
			);
			path = protocol;
			sourceTree = "<group>";
		};
		DE4DA2211D8DDE3B003183F4 /* server */ = {
			isa = PBXGroup;
			children = (
				DE4DA2221D8DDE3B003183F4 /* TSocketServer.h */,
				DE4DA2231D8DDE3B003183F4 /* TSocketServer.m */,
			);
			path = server;
			sourceTree = "<group>";
		};
		DE4DA22E1D8DDE3B003183F4 /* transport */ = {
			isa = PBXGroup;
			children = (
				DE4DA22F1D8DDE3B003183F4 /* TAsyncTransport.h */,
				DE4DA2301D8DDE3B003183F4 /* TFramedTransport.h */,
				DE4DA2311D8DDE3B003183F4 /* TFramedTransport.m */,
				DE4DA2321D8DDE3B003183F4 /* THTTPClient.h */,
				DE4DA2331D8DDE3B003183F4 /* THTTPClient.m */,
				DE4DA2341D8DDE3B003183F4 /* TMemoryBuffer.h */,
				DE4DA2351D8DDE3B003183F4 /* TMemoryBuffer.m */,
				DE4DA2361D8DDE3B003183F4 /* TNSFileHandleTransport.h */,
				DE4DA2371D8DDE3B003183F4 /* TNSFileHandleTransport.m */,
				DE4DA2381D8DDE3B003183F4 /* TNSStreamTransport.h */,
				DE4DA2391D8DDE3B003183F4 /* TNSStreamTransport.m */,
				DE4DA23A1D8DDE3B003183F4 /* TSocketClient.h */,
				DE4DA23B1D8DDE3B003183F4 /* TSocketClient.m */,
				DE4DA23C1D8DDE3B003183F4 /* TSSLSocketClient.h */,
				DE4DA23D1D8DDE3B003183F4 /* TSSLSocketClient.m */,
				DE4DA23E1D8DDE3B003183F4 /* TSSLSocketException.h */,
				DE4DA23F1D8DDE3B003183F4 /* TSSLSocketException.m */,
				DE4DA2401D8DDE3B003183F4 /* TTransport.h */,
				DE4DA2411D8DDE3B003183F4 /* TTransportException.h */,
				DE4DA2421D8DDE3B003183F4 /* TTransportException.m */,
			);
			path = transport;
			sourceTree = "<group>";
		};
/* End PBXGroup section */

/* Begin PBXHeadersBuildPhase section */
		DE4DA1501D8DD758003183F4 /* Headers */ = {
			isa = PBXHeadersBuildPhase;
			buildActionMask = 2147483647;
			files = (
				DE4DA2671D8DDE3B003183F4 /* TNSFileHandleTransport.h in Headers */,
				DE4DA26B1D8DDE3B003183F4 /* TSocketClient.h in Headers */,
				DE4DA1941D8DD780003183F4 /* Reactions.h in Headers */,
				DE4DA17C1D8DD780003183F4 /* Aroma.h in Headers */,
				DE4DA2561D8DDE3B003183F4 /* TApplicationException.h in Headers */,
				DE4DA17E1D8DD780003183F4 /* AromaService.h in Headers */,
				DE4DA2721D8DDE3B003183F4 /* TTransportException.h in Headers */,
				DE4DA24C1D8DDE3B003183F4 /* TProtocol.h in Headers */,
				DE4DA25A1D8DDE3B003183F4 /* TException.h in Headers */,
				DE4DA24D1D8DDE3B003183F4 /* TProtocolDecorator.h in Headers */,
				DE4DA2481D8DDE3B003183F4 /* TCompactProtocol.h in Headers */,
				DE4DA2601D8DDE3B003183F4 /* TAsyncTransport.h in Headers */,
				DE4DA1801D8DD780003183F4 /* Authentication.h in Headers */,
				DE4DA25C1D8DDE3B003183F4 /* Thrift.h in Headers */,
				DE4DA2631D8DDE3B003183F4 /* THTTPClient.h in Headers */,
				DE4DA2651D8DDE3B003183F4 /* TMemoryBuffer.h in Headers */,
				DE4DA2711D8DDE3B003183F4 /* TTransport.h in Headers */,
				DE4DA1581D8DD758003183F4 /* AromaThrift.h in Headers */,
				DE4DA2461D8DDE3B003183F4 /* TBinaryProtocol.h in Headers */,
				DE4DA18E1D8DD780003183F4 /* Exceptions.h in Headers */,
				DE4DA2511D8DDE3B003183F4 /* TProtocolFactory.h in Headers */,
				DE4DA1901D8DD780003183F4 /* MessageService.h in Headers */,
				DE4DA1821D8DD780003183F4 /* AuthenticationService.h in Headers */,
				DE4DA1861D8DD780003183F4 /* Email.h in Headers */,
				DE4DA26D1D8DDE3B003183F4 /* TSSLSocketClient.h in Headers */,
				DE4DA17A1D8DD780003183F4 /* ApplicationService.h in Headers */,
				DE4DA1921D8DD780003183F4 /* NotificationService.h in Headers */,
				DE4DA25D1D8DDE3B003183F4 /* TObjective-C.h in Headers */,
				DE4DA24F1D8DDE3B003183F4 /* TProtocolException.h in Headers */,
				DE4DA25F1D8DDE3B003183F4 /* TProcessorFactory.h in Headers */,
				DE4DA2691D8DDE3B003183F4 /* TNSStreamTransport.h in Headers */,
				DE4DA2521D8DDE3B003183F4 /* TProtocolUtil.h in Headers */,
				DE4DA26F1D8DDE3B003183F4 /* TSSLSocketException.h in Headers */,
				DE4DA2611D8DDE3B003183F4 /* TFramedTransport.h in Headers */,
				DE4DA2741D8DDE3B003183F4 /* TSharedProcessorFactory.h in Headers */,
				DE4DA2581D8DDE3B003183F4 /* TBaseClient.h in Headers */,
				DE4DA25E1D8DDE3B003183F4 /* TProcessor.h in Headers */,
				DE4DA18C1D8DD780003183F4 /* Events.h in Headers */,
				DE4DA2451D8DDE3B003183F4 /* TBase.h in Headers */,
				DE4DA1841D8DD780003183F4 /* Channels.h in Headers */,
				DE4DA1881D8DD780003183F4 /* EmailService.h in Headers */,
				DE4DA24A1D8DDE3B003183F4 /* TMultiplexedProtocol.h in Headers */,
				DE4DA2541D8DDE3B003183F4 /* TSocketServer.h in Headers */,
				DE4DA18A1D8DD780003183F4 /* Endpoint.h in Headers */,
			);
			runOnlyForDeploymentPostprocessing = 0;
		};
/* End PBXHeadersBuildPhase section */

/* Begin PBXNativeTarget section */
		DE4DA1521D8DD758003183F4 /* AromaThrift */ = {
			isa = PBXNativeTarget;
			buildConfigurationList = DE4DA15B1D8DD758003183F4 /* Build configuration list for PBXNativeTarget "AromaThrift" */;
			buildPhases = (
				DE4DA14E1D8DD758003183F4 /* Sources */,
				DE4DA14F1D8DD758003183F4 /* Frameworks */,
				DE4DA1501D8DD758003183F4 /* Headers */,
				DE4DA1511D8DD758003183F4 /* Resources */,
				DE4DA1A11D8DD8B1003183F4 /* CopyFiles */,
			);
			buildRules = (
			);
			dependencies = (
			);
			name = AromaThrift;
			productName = AromaThrift;
			productReference = DE4DA1531D8DD758003183F4 /* AromaThrift.framework */;
			productType = "com.apple.product-type.framework";
		};
/* End PBXNativeTarget section */

/* Begin PBXProject section */
		DE4DA14A1D8DD758003183F4 /* Project object */ = {
			isa = PBXProject;
			attributes = {
				LastUpgradeCheck = 0800;
				ORGANIZATIONNAME = "RedRoma, Inc.";
				TargetAttributes = {
					DE4DA1521D8DD758003183F4 = {
						CreatedOnToolsVersion = 8.0;
						DevelopmentTeam = 5JBF7MD4UT;
						ProvisioningStyle = Automatic;
					};
				};
			};
			buildConfigurationList = DE4DA14D1D8DD758003183F4 /* Build configuration list for PBXProject "AromaThrift" */;
			compatibilityVersion = "Xcode 3.2";
			developmentRegion = English;
			hasScannedForEncodings = 0;
			knownRegions = (
				en,
			);
			mainGroup = DE4DA1491D8DD758003183F4;
			productRefGroup = DE4DA1541D8DD758003183F4 /* Products */;
			projectDirPath = "";
			projectRoot = "";
			targets = (
				DE4DA1521D8DD758003183F4 /* AromaThrift */,
			);
		};
/* End PBXProject section */

/* Begin PBXResourcesBuildPhase section */
		DE4DA1511D8DD758003183F4 /* Resources */ = {
			isa = PBXResourcesBuildPhase;
			buildActionMask = 2147483647;
			files = (
			);
			runOnlyForDeploymentPostprocessing = 0;
		};
/* End PBXResourcesBuildPhase section */

/* Begin PBXSourcesBuildPhase section */
		DE4DA14E1D8DD758003183F4 /* Sources */ = {
			isa = PBXSourcesBuildPhase;
			buildActionMask = 2147483647;
			files = (
				DE4DA17F1D8DD780003183F4 /* AromaService.m in Sources */,
				DE4DA2571D8DDE3B003183F4 /* TApplicationException.m in Sources */,
				DE4DA1911D8DD780003183F4 /* MessageService.m in Sources */,
				DE4DA2661D8DDE3B003183F4 /* TMemoryBuffer.m in Sources */,
				DE4DA26C1D8DDE3B003183F4 /* TSocketClient.m in Sources */,
				DE4DA2731D8DDE3B003183F4 /* TTransportException.m in Sources */,
				DE4DA2551D8DDE3B003183F4 /* TSocketServer.m in Sources */,
				DE4DA24E1D8DDE3B003183F4 /* TProtocolDecorator.m in Sources */,
				DE4DA17D1D8DD780003183F4 /* Aroma.m in Sources */,
				DE4DA18D1D8DD780003183F4 /* Events.m in Sources */,
				DE4DA1951D8DD780003183F4 /* Reactions.m in Sources */,
				DE4DA2471D8DDE3B003183F4 /* TBinaryProtocol.m in Sources */,
				DE4DA2641D8DDE3B003183F4 /* THTTPClient.m in Sources */,
				DE4DA2751D8DDE3B003183F4 /* TSharedProcessorFactory.m in Sources */,
				DE4DA1891D8DD780003183F4 /* EmailService.m in Sources */,
				DE4DA2621D8DDE3B003183F4 /* TFramedTransport.m in Sources */,
				DE4DA2701D8DDE3B003183F4 /* TSSLSocketException.m in Sources */,
				DE4DA2681D8DDE3B003183F4 /* TNSFileHandleTransport.m in Sources */,
				DE4DA25B1D8DDE3B003183F4 /* TException.m in Sources */,
				DE4DA26A1D8DDE3B003183F4 /* TNSStreamTransport.m in Sources */,
				DE4DA26E1D8DDE3B003183F4 /* TSSLSocketClient.m in Sources */,
				DE4DA1871D8DD780003183F4 /* Email.m in Sources */,
				DE4DA17B1D8DD780003183F4 /* ApplicationService.m in Sources */,
				DE4DA2531D8DDE3B003183F4 /* TProtocolUtil.m in Sources */,
				DE4DA18F1D8DD780003183F4 /* Exceptions.m in Sources */,
				DE4DA2491D8DDE3B003183F4 /* TCompactProtocol.m in Sources */,
				DE4DA1931D8DD780003183F4 /* NotificationService.m in Sources */,
				DE4DA24B1D8DDE3B003183F4 /* TMultiplexedProtocol.m in Sources */,
				DE4DA1851D8DD780003183F4 /* Channels.m in Sources */,
				DE4DA18B1D8DD780003183F4 /* Endpoint.m in Sources */,
				DE4DA2591D8DDE3B003183F4 /* TBaseClient.m in Sources */,
				DE4DA1811D8DD780003183F4 /* Authentication.m in Sources */,
				DE4DA2501D8DDE3B003183F4 /* TProtocolException.m in Sources */,
				DE4DA1831D8DD780003183F4 /* AuthenticationService.m in Sources */,
			);
			runOnlyForDeploymentPostprocessing = 0;
		};
/* End PBXSourcesBuildPhase section */

/* Begin XCBuildConfiguration section */
		DE4DA1591D8DD758003183F4 /* Debug */ = {
			isa = XCBuildConfiguration;
			buildSettings = {
				ALWAYS_SEARCH_USER_PATHS = NO;
				CLANG_ANALYZER_NONNULL = YES;
				CLANG_CXX_LANGUAGE_STANDARD = "gnu++0x";
				CLANG_CXX_LIBRARY = "libc++";
				CLANG_ENABLE_MODULES = YES;
				CLANG_ENABLE_OBJC_ARC = YES;
				CLANG_WARN_BOOL_CONVERSION = YES;
				CLANG_WARN_CONSTANT_CONVERSION = YES;
				CLANG_WARN_DIRECT_OBJC_ISA_USAGE = YES_ERROR;
				CLANG_WARN_DOCUMENTATION_COMMENTS = YES;
				CLANG_WARN_EMPTY_BODY = YES;
				CLANG_WARN_ENUM_CONVERSION = YES;
				CLANG_WARN_INFINITE_RECURSION = YES;
				CLANG_WARN_INT_CONVERSION = YES;
				CLANG_WARN_OBJC_ROOT_CLASS = YES_ERROR;
				CLANG_WARN_SUSPICIOUS_MOVES = YES;
				CLANG_WARN_UNREACHABLE_CODE = YES;
				CLANG_WARN__DUPLICATE_METHOD_MATCH = YES;
				"CODE_SIGN_IDENTITY[sdk=iphoneos*]" = "iPhone Developer";
				COPY_PHASE_STRIP = NO;
				CURRENT_PROJECT_VERSION = 1;
				DEBUG_INFORMATION_FORMAT = dwarf;
				ENABLE_STRICT_OBJC_MSGSEND = YES;
				ENABLE_TESTABILITY = YES;
				GCC_C_LANGUAGE_STANDARD = gnu99;
				GCC_DYNAMIC_NO_PIC = NO;
				GCC_NO_COMMON_BLOCKS = YES;
				GCC_OPTIMIZATION_LEVEL = 0;
				GCC_PREPROCESSOR_DEFINITIONS = (
					"DEBUG=1",
					"$(inherited)",
				);
				GCC_WARN_64_TO_32_BIT_CONVERSION = YES;
				GCC_WARN_ABOUT_RETURN_TYPE = YES_ERROR;
				GCC_WARN_UNDECLARED_SELECTOR = YES;
				GCC_WARN_UNINITIALIZED_AUTOS = YES_AGGRESSIVE;
				GCC_WARN_UNUSED_FUNCTION = YES;
				GCC_WARN_UNUSED_VARIABLE = YES;
				IPHONEOS_DEPLOYMENT_TARGET = 10.0;
				MTL_ENABLE_DEBUG_INFO = YES;
				ONLY_ACTIVE_ARCH = YES;
				SDKROOT = iphoneos;
				SWIFT_ACTIVE_COMPILATION_CONDITIONS = DEBUG;
				SWIFT_OPTIMIZATION_LEVEL = "-Onone";
				TARGETED_DEVICE_FAMILY = "1,2";
				VERSIONING_SYSTEM = "apple-generic";
				VERSION_INFO_PREFIX = "";
			};
			name = Debug;
		};
		DE4DA15A1D8DD758003183F4 /* Release */ = {
			isa = XCBuildConfiguration;
			buildSettings = {
				ALWAYS_SEARCH_USER_PATHS = NO;
				CLANG_ANALYZER_NONNULL = YES;
				CLANG_CXX_LANGUAGE_STANDARD = "gnu++0x";
				CLANG_CXX_LIBRARY = "libc++";
				CLANG_ENABLE_MODULES = YES;
				CLANG_ENABLE_OBJC_ARC = YES;
				CLANG_WARN_BOOL_CONVERSION = YES;
				CLANG_WARN_CONSTANT_CONVERSION = YES;
				CLANG_WARN_DIRECT_OBJC_ISA_USAGE = YES_ERROR;
				CLANG_WARN_DOCUMENTATION_COMMENTS = YES;
				CLANG_WARN_EMPTY_BODY = YES;
				CLANG_WARN_ENUM_CONVERSION = YES;
				CLANG_WARN_INFINITE_RECURSION = YES;
				CLANG_WARN_INT_CONVERSION = YES;
				CLANG_WARN_OBJC_ROOT_CLASS = YES_ERROR;
				CLANG_WARN_SUSPICIOUS_MOVES = YES;
				CLANG_WARN_UNREACHABLE_CODE = YES;
				CLANG_WARN__DUPLICATE_METHOD_MATCH = YES;
				"CODE_SIGN_IDENTITY[sdk=iphoneos*]" = "iPhone Developer";
				COPY_PHASE_STRIP = NO;
				CURRENT_PROJECT_VERSION = 1;
				DEBUG_INFORMATION_FORMAT = "dwarf-with-dsym";
				ENABLE_NS_ASSERTIONS = NO;
				ENABLE_STRICT_OBJC_MSGSEND = YES;
				GCC_C_LANGUAGE_STANDARD = gnu99;
				GCC_NO_COMMON_BLOCKS = YES;
				GCC_WARN_64_TO_32_BIT_CONVERSION = YES;
				GCC_WARN_ABOUT_RETURN_TYPE = YES_ERROR;
				GCC_WARN_UNDECLARED_SELECTOR = YES;
				GCC_WARN_UNINITIALIZED_AUTOS = YES_AGGRESSIVE;
				GCC_WARN_UNUSED_FUNCTION = YES;
				GCC_WARN_UNUSED_VARIABLE = YES;
				IPHONEOS_DEPLOYMENT_TARGET = 10.0;
				MTL_ENABLE_DEBUG_INFO = NO;
				SDKROOT = iphoneos;
				SWIFT_OPTIMIZATION_LEVEL = "-Owholemodule";
				TARGETED_DEVICE_FAMILY = "1,2";
				VALIDATE_PRODUCT = YES;
				VERSIONING_SYSTEM = "apple-generic";
				VERSION_INFO_PREFIX = "";
			};
			name = Release;
		};
		DE4DA15C1D8DD758003183F4 /* Debug */ = {
			isa = XCBuildConfiguration;
			buildSettings = {
				CLANG_ALLOW_NON_MODULAR_INCLUDES_IN_FRAMEWORK_MODULES = YES;
				CODE_SIGN_IDENTITY = "";
				DEFINES_MODULE = YES;
				DEVELOPMENT_TEAM = 5JBF7MD4UT;
				DYLIB_COMPATIBILITY_VERSION = 1;
				DYLIB_CURRENT_VERSION = 1;
				DYLIB_INSTALL_NAME_BASE = "@rpath";
				FRAMEWORK_SEARCH_PATHS = (
					"$(inherited)",
					"$(PROJECT_DIR)",
				);
				INFOPLIST_FILE = AromaThrift/Info.plist;
				INSTALL_PATH = "$(LOCAL_LIBRARY_DIR)/Frameworks";
				IPHONEOS_DEPLOYMENT_TARGET = 8.0;
				LD_RUNPATH_SEARCH_PATHS = "$(inherited) @executable_path/Frameworks @loader_path/Frameworks";
				PRODUCT_BUNDLE_IDENTIFIER = tech.redroma.AromaThrift;
				PRODUCT_NAME = "$(TARGET_NAME)";
				SKIP_INSTALL = YES;
				SWIFT_VERSION = 3.0;
			};
			name = Debug;
		};
		DE4DA15D1D8DD758003183F4 /* Release */ = {
			isa = XCBuildConfiguration;
			buildSettings = {
				CLANG_ALLOW_NON_MODULAR_INCLUDES_IN_FRAMEWORK_MODULES = YES;
				CODE_SIGN_IDENTITY = "";
				DEFINES_MODULE = YES;
				DEVELOPMENT_TEAM = 5JBF7MD4UT;
				DYLIB_COMPATIBILITY_VERSION = 1;
				DYLIB_CURRENT_VERSION = 1;
				DYLIB_INSTALL_NAME_BASE = "@rpath";
				FRAMEWORK_SEARCH_PATHS = (
					"$(inherited)",
					"$(PROJECT_DIR)",
				);
				INFOPLIST_FILE = AromaThrift/Info.plist;
				INSTALL_PATH = "$(LOCAL_LIBRARY_DIR)/Frameworks";
				IPHONEOS_DEPLOYMENT_TARGET = 8.0;
				LD_RUNPATH_SEARCH_PATHS = "$(inherited) @executable_path/Frameworks @loader_path/Frameworks";
				PRODUCT_BUNDLE_IDENTIFIER = tech.redroma.AromaThrift;
				PRODUCT_NAME = "$(TARGET_NAME)";
				SKIP_INSTALL = YES;
				SWIFT_VERSION = 3.0;
			};
			name = Release;
		};
/* End XCBuildConfiguration section */

/* Begin XCConfigurationList section */
		DE4DA14D1D8DD758003183F4 /* Build configuration list for PBXProject "AromaThrift" */ = {
			isa = XCConfigurationList;
			buildConfigurations = (
				DE4DA1591D8DD758003183F4 /* Debug */,
				DE4DA15A1D8DD758003183F4 /* Release */,
			);
			defaultConfigurationIsVisible = 0;
			defaultConfigurationName = Release;
		};
		DE4DA15B1D8DD758003183F4 /* Build configuration list for PBXNativeTarget "AromaThrift" */ = {
			isa = XCConfigurationList;
			buildConfigurations = (
				DE4DA15C1D8DD758003183F4 /* Debug */,
				DE4DA15D1D8DD758003183F4 /* Release */,
			);
			defaultConfigurationIsVisible = 0;
			defaultConfigurationName = Release;
		};
/* End XCConfigurationList section */
	};
	rootObject = DE4DA14A1D8DD758003183F4 /* Project object */;
}
