// !$*UTF8*$!
{
	archiveVersion = 1;
	classes = {
	};
	objectVersion = 46;
	objects = {

/* Begin PBXBuildFile section */
		0A726B4A1E1D94B40031572D /* DistanceCalculation.swift in Sources */ = {isa = PBXBuildFile; fileRef = 0A726B491E1D94B40031572D /* DistanceCalculation.swift */; };
		0A9CE6371E1D98B7008860BA /* Integers+.swift in Sources */ = {isa = PBXBuildFile; fileRef = 32E134511E160E5500FD65DC /* Integers+.swift */; };
		3213193E1DE0F61500FB1774 /* AppDelegate.swift in Sources */ = {isa = PBXBuildFile; fileRef = 3213193D1DE0F61500FB1774 /* AppDelegate.swift */; };
		321319401DE0F61500FB1774 /* StoresMapViewController.swift in Sources */ = {isa = PBXBuildFile; fileRef = 3213193F1DE0F61500FB1774 /* StoresMapViewController.swift */; };
		321319431DE0F61500FB1774 /* Main.storyboard in Resources */ = {isa = PBXBuildFile; fileRef = 321319411DE0F61500FB1774 /* Main.storyboard */; };
		321319451DE0F61500FB1774 /* Assets.xcassets in Resources */ = {isa = PBXBuildFile; fileRef = 321319441DE0F61500FB1774 /* Assets.xcassets */; };
		321319481DE0F61500FB1774 /* LaunchScreen.storyboard in Resources */ = {isa = PBXBuildFile; fileRef = 321319461DE0F61500FB1774 /* LaunchScreen.storyboard */; };
		321319531DE0F61500FB1774 /* BlackNectarTests.swift in Sources */ = {isa = PBXBuildFile; fileRef = 321319521DE0F61500FB1774 /* BlackNectarTests.swift */; };
		3213195E1DE0F61500FB1774 /* BlackNectarUITests.swift in Sources */ = {isa = PBXBuildFile; fileRef = 3213195D1DE0F61500FB1774 /* BlackNectarUITests.swift */; };
		3213196C1DE105AF00FB1774 /* StoresDataStruct.swift in Sources */ = {isa = PBXBuildFile; fileRef = 3213196B1DE105AF00FB1774 /* StoresDataStruct.swift */; };
		3213196E1DE1576900FB1774 /* SearchStores.swift in Sources */ = {isa = PBXBuildFile; fileRef = 3213196D1DE1576900FB1774 /* SearchStores.swift */; };
		3213ABBF1DECDBB1004ECB92 /* StoresTableViewController.swift in Sources */ = {isa = PBXBuildFile; fileRef = 3213ABBE1DECDBB1004ECB92 /* StoresTableViewController.swift */; };
		3213ABC11DED0B4D004ECB92 /* GlobalLocationManager.swift in Sources */ = {isa = PBXBuildFile; fileRef = 3213ABC01DED0B4D004ECB92 /* GlobalLocationManager.swift */; };
		3275805D1E204FB900E2915A /* Archeota.framework in Frameworks */ = {isa = PBXBuildFile; fileRef = 3275805B1E2040F000E2915A /* Archeota.framework */; };
		3275805E1E204FB900E2915A /* Archeota.framework in Embed Frameworks */ = {isa = PBXBuildFile; fileRef = 3275805B1E2040F000E2915A /* Archeota.framework */; settings = {ATTRIBUTES = (CodeSignOnCopy, RemoveHeadersOnCopy, ); }; };
		327BACDE1DF12F85000EA25E /* SideMenuFilterViewController.swift in Sources */ = {isa = PBXBuildFile; fileRef = 327BACDD1DF12F85000EA25E /* SideMenuFilterViewController.swift */; };
		327BAD661DFA26AE000EA25E /* RoundedButtonView.swift in Sources */ = {isa = PBXBuildFile; fileRef = 327BAD651DFA26AE000EA25E /* RoundedButtonView.swift */; };
		32B079791DEF8B7A00FACD1B /* StoresTableViewCell.swift in Sources */ = {isa = PBXBuildFile; fileRef = 32B079781DEF8B7A00FACD1B /* StoresTableViewCell.swift */; };
		32E134411E15FE6700FD65DC /* AromaSwiftClient.framework in Frameworks */ = {isa = PBXBuildFile; fileRef = 32E1343C1E15FE6700FD65DC /* AromaSwiftClient.framework */; };
		32E134431E15FE6700FD65DC /* AromaThrift.framework in Frameworks */ = {isa = PBXBuildFile; fileRef = 32E1343D1E15FE6700FD65DC /* AromaThrift.framework */; };
		32E134441E15FE6700FD65DC /* AromaThrift.framework in Frameworks */ = {isa = PBXBuildFile; fileRef = 32E1343D1E15FE6700FD65DC /* AromaThrift.framework */; };
		32E134451E15FE6700FD65DC /* Kingfisher.framework in Frameworks */ = {isa = PBXBuildFile; fileRef = 32E1343E1E15FE6700FD65DC /* Kingfisher.framework */; };
		32E134461E15FE6700FD65DC /* Kingfisher.framework in Frameworks */ = {isa = PBXBuildFile; fileRef = 32E1343E1E15FE6700FD65DC /* Kingfisher.framework */; };
		32E134471E15FE6700FD65DC /* SwiftExceptionCatcher.framework in Frameworks */ = {isa = PBXBuildFile; fileRef = 32E1343F1E15FE6700FD65DC /* SwiftExceptionCatcher.framework */; };
		32E134481E15FE6700FD65DC /* SwiftExceptionCatcher.framework in Frameworks */ = {isa = PBXBuildFile; fileRef = 32E1343F1E15FE6700FD65DC /* SwiftExceptionCatcher.framework */; };
		32E134491E15FE6700FD65DC /* SWRevealController.framework in Frameworks */ = {isa = PBXBuildFile; fileRef = 32E134401E15FE6700FD65DC /* SWRevealController.framework */; };
		32E1344A1E15FE6700FD65DC /* SWRevealController.framework in Frameworks */ = {isa = PBXBuildFile; fileRef = 32E134401E15FE6700FD65DC /* SWRevealController.framework */; };
		32E1344B1E15FEE600FD65DC /* AromaSwiftClient.framework in Embed Frameworks */ = {isa = PBXBuildFile; fileRef = 32E1343C1E15FE6700FD65DC /* AromaSwiftClient.framework */; settings = {ATTRIBUTES = (CodeSignOnCopy, RemoveHeadersOnCopy, ); }; };
		32E1344C1E15FEE600FD65DC /* AromaThrift.framework in Embed Frameworks */ = {isa = PBXBuildFile; fileRef = 32E1343D1E15FE6700FD65DC /* AromaThrift.framework */; settings = {ATTRIBUTES = (CodeSignOnCopy, RemoveHeadersOnCopy, ); }; };
		32E1344D1E15FEE600FD65DC /* Kingfisher.framework in Embed Frameworks */ = {isa = PBXBuildFile; fileRef = 32E1343E1E15FE6700FD65DC /* Kingfisher.framework */; settings = {ATTRIBUTES = (CodeSignOnCopy, RemoveHeadersOnCopy, ); }; };
		32E1344E1E15FEE600FD65DC /* SwiftExceptionCatcher.framework in Embed Frameworks */ = {isa = PBXBuildFile; fileRef = 32E1343F1E15FE6700FD65DC /* SwiftExceptionCatcher.framework */; settings = {ATTRIBUTES = (CodeSignOnCopy, RemoveHeadersOnCopy, ); }; };
		32E1344F1E15FEE600FD65DC /* SWRevealController.framework in Embed Frameworks */ = {isa = PBXBuildFile; fileRef = 32E134401E15FE6700FD65DC /* SWRevealController.framework */; settings = {ATTRIBUTES = (CodeSignOnCopy, RemoveHeadersOnCopy, ); }; };
		32E134551E160EAF00FD65DC /* TimeIntervals+.swift in Sources */ = {isa = PBXBuildFile; fileRef = 32E134541E160EAF00FD65DC /* TimeIntervals+.swift */; };
		32E134561E160EAF00FD65DC /* TimeIntervals+.swift in Sources */ = {isa = PBXBuildFile; fileRef = 32E134541E160EAF00FD65DC /* TimeIntervals+.swift */; };
		36289FB81E2FEEA300FCA6E1 /* UserPreferences.swift in Sources */ = {isa = PBXBuildFile; fileRef = 36289FB71E2FEEA300FCA6E1 /* UserPreferences.swift */; };
		36E2FA651E299666001F1FB9 /* CustomAnnotation.swift in Sources */ = {isa = PBXBuildFile; fileRef = 36E2FA641E299666001F1FB9 /* CustomAnnotation.swift */; };
/* End PBXBuildFile section */

/* Begin PBXContainerItemProxy section */
		3213194F1DE0F61500FB1774 /* PBXContainerItemProxy */ = {
			isa = PBXContainerItemProxy;
			containerPortal = 321319321DE0F61500FB1774 /* Project object */;
			proxyType = 1;
			remoteGlobalIDString = 321319391DE0F61500FB1774;
			remoteInfo = BlackNectar;
		};
		3213195A1DE0F61500FB1774 /* PBXContainerItemProxy */ = {
			isa = PBXContainerItemProxy;
			containerPortal = 321319321DE0F61500FB1774 /* Project object */;
			proxyType = 1;
			remoteGlobalIDString = 321319391DE0F61500FB1774;
			remoteInfo = BlackNectar;
		};
/* End PBXContainerItemProxy section */

/* Begin PBXCopyFilesBuildPhase section */
		3242A2771DF0F845001B5BF8 /* Embed Frameworks */ = {
			isa = PBXCopyFilesBuildPhase;
			buildActionMask = 2147483647;
			dstPath = "";
			dstSubfolderSpec = 10;
			files = (
				32E1344B1E15FEE600FD65DC /* AromaSwiftClient.framework in Embed Frameworks */,
				32E1344C1E15FEE600FD65DC /* AromaThrift.framework in Embed Frameworks */,
				32E1344D1E15FEE600FD65DC /* Kingfisher.framework in Embed Frameworks */,
				3275805E1E204FB900E2915A /* Archeota.framework in Embed Frameworks */,
				32E1344E1E15FEE600FD65DC /* SwiftExceptionCatcher.framework in Embed Frameworks */,
				32E1344F1E15FEE600FD65DC /* SWRevealController.framework in Embed Frameworks */,
			);
			name = "Embed Frameworks";
			runOnlyForDeploymentPostprocessing = 0;
		};
/* End PBXCopyFilesBuildPhase section */

/* Begin PBXFileReference section */
		0A726B491E1D94B40031572D /* DistanceCalculation.swift */ = {isa = PBXFileReference; fileEncoding = 4; lastKnownFileType = sourcecode.swift; path = DistanceCalculation.swift; sourceTree = "<group>"; };
		3213193A1DE0F61500FB1774 /* BlackNectar.app */ = {isa = PBXFileReference; explicitFileType = wrapper.application; includeInIndex = 0; path = BlackNectar.app; sourceTree = BUILT_PRODUCTS_DIR; };
		3213193D1DE0F61500FB1774 /* AppDelegate.swift */ = {isa = PBXFileReference; lastKnownFileType = sourcecode.swift; path = AppDelegate.swift; sourceTree = "<group>"; };
		3213193F1DE0F61500FB1774 /* StoresMapViewController.swift */ = {isa = PBXFileReference; lastKnownFileType = sourcecode.swift; path = StoresMapViewController.swift; sourceTree = "<group>"; };
		321319421DE0F61500FB1774 /* Base */ = {isa = PBXFileReference; lastKnownFileType = file.storyboard; name = Base; path = Base.lproj/Main.storyboard; sourceTree = "<group>"; };
		321319441DE0F61500FB1774 /* Assets.xcassets */ = {isa = PBXFileReference; lastKnownFileType = folder.assetcatalog; path = Assets.xcassets; sourceTree = "<group>"; };
		321319471DE0F61500FB1774 /* Base */ = {isa = PBXFileReference; lastKnownFileType = file.storyboard; name = Base; path = Base.lproj/LaunchScreen.storyboard; sourceTree = "<group>"; };
		321319491DE0F61500FB1774 /* Info.plist */ = {isa = PBXFileReference; lastKnownFileType = text.plist.xml; path = Info.plist; sourceTree = "<group>"; };
		3213194E1DE0F61500FB1774 /* BlackNectarTests.xctest */ = {isa = PBXFileReference; explicitFileType = wrapper.cfbundle; includeInIndex = 0; path = BlackNectarTests.xctest; sourceTree = BUILT_PRODUCTS_DIR; };
		321319521DE0F61500FB1774 /* BlackNectarTests.swift */ = {isa = PBXFileReference; lastKnownFileType = sourcecode.swift; path = BlackNectarTests.swift; sourceTree = "<group>"; };
		321319541DE0F61500FB1774 /* Info.plist */ = {isa = PBXFileReference; lastKnownFileType = text.plist.xml; path = Info.plist; sourceTree = "<group>"; };
		321319591DE0F61500FB1774 /* BlackNectarUITests.xctest */ = {isa = PBXFileReference; explicitFileType = wrapper.cfbundle; includeInIndex = 0; path = BlackNectarUITests.xctest; sourceTree = BUILT_PRODUCTS_DIR; };
		3213195D1DE0F61500FB1774 /* BlackNectarUITests.swift */ = {isa = PBXFileReference; lastKnownFileType = sourcecode.swift; path = BlackNectarUITests.swift; sourceTree = "<group>"; };
		3213195F1DE0F61500FB1774 /* Info.plist */ = {isa = PBXFileReference; lastKnownFileType = text.plist.xml; path = Info.plist; sourceTree = "<group>"; };
		3213196B1DE105AF00FB1774 /* StoresDataStruct.swift */ = {isa = PBXFileReference; fileEncoding = 4; lastKnownFileType = sourcecode.swift; path = StoresDataStruct.swift; sourceTree = "<group>"; };
		3213196D1DE1576900FB1774 /* SearchStores.swift */ = {isa = PBXFileReference; fileEncoding = 4; lastKnownFileType = sourcecode.swift; path = SearchStores.swift; sourceTree = "<group>"; };
		3213ABBE1DECDBB1004ECB92 /* StoresTableViewController.swift */ = {isa = PBXFileReference; fileEncoding = 4; lastKnownFileType = sourcecode.swift; path = StoresTableViewController.swift; sourceTree = "<group>"; };
		3213ABC01DED0B4D004ECB92 /* GlobalLocationManager.swift */ = {isa = PBXFileReference; fileEncoding = 4; lastKnownFileType = sourcecode.swift; path = GlobalLocationManager.swift; sourceTree = "<group>"; };
		3275805B1E2040F000E2915A /* Archeota.framework */ = {isa = PBXFileReference; lastKnownFileType = wrapper.framework; name = Archeota.framework; path = Carthage/Build/iOS/Archeota.framework; sourceTree = "<group>"; };
		327BACDD1DF12F85000EA25E /* SideMenuFilterViewController.swift */ = {isa = PBXFileReference; fileEncoding = 4; lastKnownFileType = sourcecode.swift; path = SideMenuFilterViewController.swift; sourceTree = "<group>"; };
		327BAD651DFA26AE000EA25E /* RoundedButtonView.swift */ = {isa = PBXFileReference; fileEncoding = 4; lastKnownFileType = sourcecode.swift; path = RoundedButtonView.swift; sourceTree = "<group>"; };
		32B079781DEF8B7A00FACD1B /* StoresTableViewCell.swift */ = {isa = PBXFileReference; fileEncoding = 4; lastKnownFileType = sourcecode.swift; path = StoresTableViewCell.swift; sourceTree = "<group>"; };
		32E1343C1E15FE6700FD65DC /* AromaSwiftClient.framework */ = {isa = PBXFileReference; lastKnownFileType = wrapper.framework; name = AromaSwiftClient.framework; path = Carthage/Build/iOS/AromaSwiftClient.framework; sourceTree = "<group>"; };
		32E1343D1E15FE6700FD65DC /* AromaThrift.framework */ = {isa = PBXFileReference; lastKnownFileType = wrapper.framework; name = AromaThrift.framework; path = Carthage/Build/iOS/AromaThrift.framework; sourceTree = "<group>"; };
		32E1343E1E15FE6700FD65DC /* Kingfisher.framework */ = {isa = PBXFileReference; lastKnownFileType = wrapper.framework; name = Kingfisher.framework; path = Carthage/Build/iOS/Kingfisher.framework; sourceTree = "<group>"; };
		32E1343F1E15FE6700FD65DC /* SwiftExceptionCatcher.framework */ = {isa = PBXFileReference; lastKnownFileType = wrapper.framework; name = SwiftExceptionCatcher.framework; path = Carthage/Build/iOS/SwiftExceptionCatcher.framework; sourceTree = "<group>"; };
		32E134401E15FE6700FD65DC /* SWRevealController.framework */ = {isa = PBXFileReference; lastKnownFileType = wrapper.framework; name = SWRevealController.framework; path = Carthage/Build/iOS/SWRevealController.framework; sourceTree = "<group>"; };
		32E134511E160E5500FD65DC /* Integers+.swift */ = {isa = PBXFileReference; fileEncoding = 4; lastKnownFileType = sourcecode.swift; path = "Integers+.swift"; sourceTree = "<group>"; };
		32E134541E160EAF00FD65DC /* TimeIntervals+.swift */ = {isa = PBXFileReference; fileEncoding = 4; lastKnownFileType = sourcecode.swift; path = "TimeIntervals+.swift"; sourceTree = "<group>"; };
		36289FB71E2FEEA300FCA6E1 /* UserPreferences.swift */ = {isa = PBXFileReference; fileEncoding = 4; lastKnownFileType = sourcecode.swift; name = UserPreferences.swift; path = ../UserPreferences.swift; sourceTree = "<group>"; };
		36E2FA641E299666001F1FB9 /* CustomAnnotation.swift */ = {isa = PBXFileReference; fileEncoding = 4; lastKnownFileType = sourcecode.swift; path = CustomAnnotation.swift; sourceTree = "<group>"; };
/* End PBXFileReference section */

/* Begin PBXFrameworksBuildPhase section */
		321319371DE0F61500FB1774 /* Frameworks */ = {
			isa = PBXFrameworksBuildPhase;
			buildActionMask = 2147483647;
			files = (
				32E134431E15FE6700FD65DC /* AromaThrift.framework in Frameworks */,
				32E134471E15FE6700FD65DC /* SwiftExceptionCatcher.framework in Frameworks */,
				32E134451E15FE6700FD65DC /* Kingfisher.framework in Frameworks */,
				3275805D1E204FB900E2915A /* Archeota.framework in Frameworks */,
				32E134491E15FE6700FD65DC /* SWRevealController.framework in Frameworks */,
				32E134411E15FE6700FD65DC /* AromaSwiftClient.framework in Frameworks */,
			);
			runOnlyForDeploymentPostprocessing = 0;
		};
		3213194B1DE0F61500FB1774 /* Frameworks */ = {
			isa = PBXFrameworksBuildPhase;
			buildActionMask = 2147483647;
			files = (
				32E134441E15FE6700FD65DC /* AromaThrift.framework in Frameworks */,
				32E134481E15FE6700FD65DC /* SwiftExceptionCatcher.framework in Frameworks */,
				32E134461E15FE6700FD65DC /* Kingfisher.framework in Frameworks */,
				32E1344A1E15FE6700FD65DC /* SWRevealController.framework in Frameworks */,
			);
			runOnlyForDeploymentPostprocessing = 0;
		};
		321319561DE0F61500FB1774 /* Frameworks */ = {
			isa = PBXFrameworksBuildPhase;
			buildActionMask = 2147483647;
			files = (
			);
			runOnlyForDeploymentPostprocessing = 0;
		};
/* End PBXFrameworksBuildPhase section */

/* Begin PBXGroup section */
		321319311DE0F61500FB1774 = {
			isa = PBXGroup;
			children = (
				3213193C1DE0F61500FB1774 /* BlackNectar */,
				321319511DE0F61500FB1774 /* BlackNectarTests */,
				3213195C1DE0F61500FB1774 /* BlackNectarUITests */,
				3213193B1DE0F61500FB1774 /* Products */,
				32E134171E15DE0D00FD65DC /* Frameworks */,
			);
			sourceTree = "<group>";
		};
		3213193B1DE0F61500FB1774 /* Products */ = {
			isa = PBXGroup;
			children = (
				3213193A1DE0F61500FB1774 /* BlackNectar.app */,
				3213194E1DE0F61500FB1774 /* BlackNectarTests.xctest */,
				321319591DE0F61500FB1774 /* BlackNectarUITests.xctest */,
			);
			name = Products;
			sourceTree = "<group>";
		};
		3213193C1DE0F61500FB1774 /* BlackNectar */ = {
			isa = PBXGroup;
			children = (
				32E134501E160E3100FD65DC /* Extensions */,
				327BAD641DFA2685000EA25E /* Views */,
				327BAD631DF44BEA000EA25E /* APIDataStructure */,
				327BAD621DF44BC5000EA25E /* APICall */,
				327BAD611DF44B8B000EA25E /* MapView */,
				327BAD601DF44B5A000EA25E /* SideMenus */,
				327BAD5F1DF44B3F000EA25E /* StoresListTableView */,
				3213193D1DE0F61500FB1774 /* AppDelegate.swift */,
				321319441DE0F61500FB1774 /* Assets.xcassets */,
				0A726B491E1D94B40031572D /* DistanceCalculation.swift */,
				321319411DE0F61500FB1774 /* Main.storyboard */,
				321319461DE0F61500FB1774 /* LaunchScreen.storyboard */,
				321319491DE0F61500FB1774 /* Info.plist */,
				36289FB71E2FEEA300FCA6E1 /* UserPreferences.swift */,
			);
			path = BlackNectar;
			sourceTree = "<group>";
		};
		321319511DE0F61500FB1774 /* BlackNectarTests */ = {
			isa = PBXGroup;
			children = (
				321319521DE0F61500FB1774 /* BlackNectarTests.swift */,
				321319541DE0F61500FB1774 /* Info.plist */,
			);
			path = BlackNectarTests;
			sourceTree = "<group>";
		};
		3213195C1DE0F61500FB1774 /* BlackNectarUITests */ = {
			isa = PBXGroup;
			children = (
				3213195D1DE0F61500FB1774 /* BlackNectarUITests.swift */,
				3213195F1DE0F61500FB1774 /* Info.plist */,
			);
			path = BlackNectarUITests;
			sourceTree = "<group>";
		};
		327BAD5F1DF44B3F000EA25E /* StoresListTableView */ = {
			isa = PBXGroup;
			children = (
				3213ABBE1DECDBB1004ECB92 /* StoresTableViewController.swift */,
				32B079781DEF8B7A00FACD1B /* StoresTableViewCell.swift */,
			);
			name = StoresListTableView;
			sourceTree = "<group>";
		};
		327BAD601DF44B5A000EA25E /* SideMenus */ = {
			isa = PBXGroup;
			children = (
				327BACDD1DF12F85000EA25E /* SideMenuFilterViewController.swift */,
			);
			name = SideMenus;
			sourceTree = "<group>";
		};
		327BAD611DF44B8B000EA25E /* MapView */ = {
			isa = PBXGroup;
			children = (
				36E2FA641E299666001F1FB9 /* CustomAnnotation.swift */,
				3213ABC01DED0B4D004ECB92 /* GlobalLocationManager.swift */,
				3213193F1DE0F61500FB1774 /* StoresMapViewController.swift */,
			);
			name = MapView;
			sourceTree = "<group>";
		};
		327BAD621DF44BC5000EA25E /* APICall */ = {
			isa = PBXGroup;
			children = (
				3213196D1DE1576900FB1774 /* SearchStores.swift */,
			);
			name = APICall;
			sourceTree = "<group>";
		};
		327BAD631DF44BEA000EA25E /* APIDataStructure */ = {
			isa = PBXGroup;
			children = (
				3213196B1DE105AF00FB1774 /* StoresDataStruct.swift */,
			);
			name = APIDataStructure;
			sourceTree = "<group>";
		};
		327BAD641DFA2685000EA25E /* Views */ = {
			isa = PBXGroup;
			children = (
				327BAD651DFA26AE000EA25E /* RoundedButtonView.swift */,
			);
			name = Views;
			sourceTree = "<group>";
		};
		32E134171E15DE0D00FD65DC /* Frameworks */ = {
			isa = PBXGroup;
			children = (
				3275805B1E2040F000E2915A /* Archeota.framework */,
				32E1343C1E15FE6700FD65DC /* AromaSwiftClient.framework */,
				32E1343D1E15FE6700FD65DC /* AromaThrift.framework */,
				32E1343E1E15FE6700FD65DC /* Kingfisher.framework */,
				32E1343F1E15FE6700FD65DC /* SwiftExceptionCatcher.framework */,
				32E134401E15FE6700FD65DC /* SWRevealController.framework */,
			);
			name = Frameworks;
			sourceTree = "<group>";
		};
		32E134501E160E3100FD65DC /* Extensions */ = {
			isa = PBXGroup;
			children = (
				32E134511E160E5500FD65DC /* Integers+.swift */,
				32E134541E160EAF00FD65DC /* TimeIntervals+.swift */,
			);
			name = Extensions;
			sourceTree = "<group>";
		};
/* End PBXGroup section */

/* Begin PBXNativeTarget section */
		321319391DE0F61500FB1774 /* BlackNectar */ = {
			isa = PBXNativeTarget;
			buildConfigurationList = 321319621DE0F61500FB1774 /* Build configuration list for PBXNativeTarget "BlackNectar" */;
			buildPhases = (
				321319361DE0F61500FB1774 /* Sources */,
				321319371DE0F61500FB1774 /* Frameworks */,
				321319381DE0F61500FB1774 /* Resources */,
				3242A2771DF0F845001B5BF8 /* Embed Frameworks */,
				32E4C5001E0C546700238E01 /* Strip non valid Architectures */,
				32E134161E159BAE00FD65DC /* ShellScript */,
			);
			buildRules = (
			);
			dependencies = (
			);
			name = BlackNectar;
			productName = BlackNectar;
			productReference = 3213193A1DE0F61500FB1774 /* BlackNectar.app */;
			productType = "com.apple.product-type.application";
		};
		3213194D1DE0F61500FB1774 /* BlackNectarTests */ = {
			isa = PBXNativeTarget;
			buildConfigurationList = 321319651DE0F61500FB1774 /* Build configuration list for PBXNativeTarget "BlackNectarTests" */;
			buildPhases = (
				3213194A1DE0F61500FB1774 /* Sources */,
				3213194B1DE0F61500FB1774 /* Frameworks */,
				3213194C1DE0F61500FB1774 /* Resources */,
			);
			buildRules = (
			);
			dependencies = (
				321319501DE0F61500FB1774 /* PBXTargetDependency */,
			);
			name = BlackNectarTests;
			productName = BlackNectarTests;
			productReference = 3213194E1DE0F61500FB1774 /* BlackNectarTests.xctest */;
			productType = "com.apple.product-type.bundle.unit-test";
		};
		321319581DE0F61500FB1774 /* BlackNectarUITests */ = {
			isa = PBXNativeTarget;
			buildConfigurationList = 321319681DE0F61500FB1774 /* Build configuration list for PBXNativeTarget "BlackNectarUITests" */;
			buildPhases = (
				321319551DE0F61500FB1774 /* Sources */,
				321319561DE0F61500FB1774 /* Frameworks */,
				321319571DE0F61500FB1774 /* Resources */,
			);
			buildRules = (
			);
			dependencies = (
				3213195B1DE0F61500FB1774 /* PBXTargetDependency */,
			);
			name = BlackNectarUITests;
			productName = BlackNectarUITests;
			productReference = 321319591DE0F61500FB1774 /* BlackNectarUITests.xctest */;
			productType = "com.apple.product-type.bundle.ui-testing";
		};
/* End PBXNativeTarget section */

/* Begin PBXProject section */
		321319321DE0F61500FB1774 /* Project object */ = {
			isa = PBXProject;
			attributes = {
				LastSwiftUpdateCheck = 0810;
				LastUpgradeCheck = 0810;
				ORGANIZATIONNAME = "Black Whole";
				TargetAttributes = {
					321319391DE0F61500FB1774 = {
						CreatedOnToolsVersion = 8.1;
						DevelopmentTeam = 5E82HJH2N5;
						ProvisioningStyle = Automatic;
					};
					3213194D1DE0F61500FB1774 = {
						CreatedOnToolsVersion = 8.1;
						DevelopmentTeam = 268HJM5ELZ;
						ProvisioningStyle = Automatic;
						TestTargetID = 321319391DE0F61500FB1774;
					};
					321319581DE0F61500FB1774 = {
						CreatedOnToolsVersion = 8.1;
						DevelopmentTeam = 268HJM5ELZ;
						ProvisioningStyle = Automatic;
						TestTargetID = 321319391DE0F61500FB1774;
					};
				};
			};
			buildConfigurationList = 321319351DE0F61500FB1774 /* Build configuration list for PBXProject "BlackNectar" */;
			compatibilityVersion = "Xcode 3.2";
			developmentRegion = English;
			hasScannedForEncodings = 0;
			knownRegions = (
				en,
				Base,
			);
			mainGroup = 321319311DE0F61500FB1774;
			productRefGroup = 3213193B1DE0F61500FB1774 /* Products */;
			projectDirPath = "";
			projectRoot = "";
			targets = (
				321319391DE0F61500FB1774 /* BlackNectar */,
				3213194D1DE0F61500FB1774 /* BlackNectarTests */,
				321319581DE0F61500FB1774 /* BlackNectarUITests */,
			);
		};
/* End PBXProject section */

/* Begin PBXResourcesBuildPhase section */
		321319381DE0F61500FB1774 /* Resources */ = {
			isa = PBXResourcesBuildPhase;
			buildActionMask = 2147483647;
			files = (
				321319481DE0F61500FB1774 /* LaunchScreen.storyboard in Resources */,
				321319451DE0F61500FB1774 /* Assets.xcassets in Resources */,
				321319431DE0F61500FB1774 /* Main.storyboard in Resources */,
			);
			runOnlyForDeploymentPostprocessing = 0;
		};
		3213194C1DE0F61500FB1774 /* Resources */ = {
			isa = PBXResourcesBuildPhase;
			buildActionMask = 2147483647;
			files = (
			);
			runOnlyForDeploymentPostprocessing = 0;
		};
		321319571DE0F61500FB1774 /* Resources */ = {
			isa = PBXResourcesBuildPhase;
			buildActionMask = 2147483647;
			files = (
			);
			runOnlyForDeploymentPostprocessing = 0;
		};
/* End PBXResourcesBuildPhase section */

/* Begin PBXShellScriptBuildPhase section */
		32E134161E159BAE00FD65DC /* ShellScript */ = {
			isa = PBXShellScriptBuildPhase;
			buildActionMask = 8;
			files = (
			);
			inputPaths = (
				"$(SRCROOT)/Carthage/Build/iOS/Kingfisher.framework",
			);
			outputPaths = (
			);
			runOnlyForDeploymentPostprocessing = 1;
			shellPath = /bin/sh;
			shellScript = "/usr/local/bin/carthage copy-frameworks\n";
		};
		32E4C5001E0C546700238E01 /* Strip non valid Architectures */ = {
			isa = PBXShellScriptBuildPhase;
			buildActionMask = 2147483647;
			files = (
			);
			inputPaths = (
			);
			name = "Strip non valid Architectures";
			outputPaths = (
			);
			runOnlyForDeploymentPostprocessing = 0;
			shellPath = /bin/sh;
			shellScript = "";
		};
/* End PBXShellScriptBuildPhase section */

/* Begin PBXSourcesBuildPhase section */
		321319361DE0F61500FB1774 /* Sources */ = {
			isa = PBXSourcesBuildPhase;
			buildActionMask = 2147483647;
			files = (
				3213196C1DE105AF00FB1774 /* StoresDataStruct.swift in Sources */,
				321319401DE0F61500FB1774 /* StoresMapViewController.swift in Sources */,
				3213193E1DE0F61500FB1774 /* AppDelegate.swift in Sources */,
				36E2FA651E299666001F1FB9 /* CustomAnnotation.swift in Sources */,
				3213ABBF1DECDBB1004ECB92 /* StoresTableViewController.swift in Sources */,
				327BACDE1DF12F85000EA25E /* SideMenuFilterViewController.swift in Sources */,
				32E134551E160EAF00FD65DC /* TimeIntervals+.swift in Sources */,
				0A9CE6371E1D98B7008860BA /* Integers+.swift in Sources */,
				3213196E1DE1576900FB1774 /* SearchStores.swift in Sources */,
				327BAD661DFA26AE000EA25E /* RoundedButtonView.swift in Sources */,
				32B079791DEF8B7A00FACD1B /* StoresTableViewCell.swift in Sources */,
				0A726B4A1E1D94B40031572D /* DistanceCalculation.swift in Sources */,
				36289FB81E2FEEA300FCA6E1 /* UserPreferences.swift in Sources */,
				3213ABC11DED0B4D004ECB92 /* GlobalLocationManager.swift in Sources */,
			);
			runOnlyForDeploymentPostprocessing = 0;
		};
		3213194A1DE0F61500FB1774 /* Sources */ = {
			isa = PBXSourcesBuildPhase;
			buildActionMask = 2147483647;
			files = (
				321319531DE0F61500FB1774 /* BlackNectarTests.swift in Sources */,
				32E134561E160EAF00FD65DC /* TimeIntervals+.swift in Sources */,
			);
			runOnlyForDeploymentPostprocessing = 0;
		};
		321319551DE0F61500FB1774 /* Sources */ = {
			isa = PBXSourcesBuildPhase;
			buildActionMask = 2147483647;
			files = (
				3213195E1DE0F61500FB1774 /* BlackNectarUITests.swift in Sources */,
			);
			runOnlyForDeploymentPostprocessing = 0;
		};
/* End PBXSourcesBuildPhase section */

/* Begin PBXTargetDependency section */
		321319501DE0F61500FB1774 /* PBXTargetDependency */ = {
			isa = PBXTargetDependency;
			target = 321319391DE0F61500FB1774 /* BlackNectar */;
			targetProxy = 3213194F1DE0F61500FB1774 /* PBXContainerItemProxy */;
		};
		3213195B1DE0F61500FB1774 /* PBXTargetDependency */ = {
			isa = PBXTargetDependency;
			target = 321319391DE0F61500FB1774 /* BlackNectar */;
			targetProxy = 3213195A1DE0F61500FB1774 /* PBXContainerItemProxy */;
		};
/* End PBXTargetDependency section */

/* Begin PBXVariantGroup section */
		321319411DE0F61500FB1774 /* Main.storyboard */ = {
			isa = PBXVariantGroup;
			children = (
				321319421DE0F61500FB1774 /* Base */,
			);
			name = Main.storyboard;
			sourceTree = "<group>";
		};
		321319461DE0F61500FB1774 /* LaunchScreen.storyboard */ = {
			isa = PBXVariantGroup;
			children = (
				321319471DE0F61500FB1774 /* Base */,
			);
			name = LaunchScreen.storyboard;
			sourceTree = "<group>";
		};
/* End PBXVariantGroup section */

/* Begin XCBuildConfiguration section */
		321319601DE0F61500FB1774 /* Debug */ = {
			isa = XCBuildConfiguration;
			buildSettings = {
				ALWAYS_SEARCH_USER_PATHS = NO;
				CLANG_ANALYZER_NONNULL = YES;
				CLANG_CXX_LANGUAGE_STANDARD = "gnu++0x";
				CLANG_CXX_LIBRARY = "libc++";
				CLANG_ENABLE_MODULES = YES;
				CLANG_ENABLE_OBJC_ARC = YES;
				CLANG_WARN_BOOL_CONVERSION = YES;
				CLANG_WARN_CONSTANT_CONVERSION = YES;
				CLANG_WARN_DIRECT_OBJC_ISA_USAGE = YES_ERROR;
				CLANG_WARN_DOCUMENTATION_COMMENTS = YES;
				CLANG_WARN_EMPTY_BODY = YES;
				CLANG_WARN_ENUM_CONVERSION = YES;
				CLANG_WARN_INFINITE_RECURSION = YES;
				CLANG_WARN_INT_CONVERSION = YES;
				CLANG_WARN_OBJC_ROOT_CLASS = YES_ERROR;
				CLANG_WARN_SUSPICIOUS_MOVES = YES;
				CLANG_WARN_UNREACHABLE_CODE = YES;
				CLANG_WARN__DUPLICATE_METHOD_MATCH = YES;
				"CODE_SIGN_IDENTITY[sdk=iphoneos*]" = "iPhone Developer";
				COPY_PHASE_STRIP = NO;
				DEBUG_INFORMATION_FORMAT = dwarf;
				ENABLE_STRICT_OBJC_MSGSEND = YES;
				ENABLE_TESTABILITY = YES;
				GCC_C_LANGUAGE_STANDARD = gnu99;
				GCC_DYNAMIC_NO_PIC = NO;
				GCC_NO_COMMON_BLOCKS = YES;
				GCC_OPTIMIZATION_LEVEL = 0;
				GCC_PREPROCESSOR_DEFINITIONS = (
					"DEBUG=1",
					"$(inherited)",
				);
				GCC_WARN_64_TO_32_BIT_CONVERSION = YES;
				GCC_WARN_ABOUT_RETURN_TYPE = YES_ERROR;
				GCC_WARN_UNDECLARED_SELECTOR = YES;
				GCC_WARN_UNINITIALIZED_AUTOS = YES_AGGRESSIVE;
				GCC_WARN_UNUSED_FUNCTION = YES;
				GCC_WARN_UNUSED_VARIABLE = YES;
				IPHONEOS_DEPLOYMENT_TARGET = 10.1;
				MTL_ENABLE_DEBUG_INFO = YES;
				ONLY_ACTIVE_ARCH = YES;
				SDKROOT = iphoneos;
				SWIFT_ACTIVE_COMPILATION_CONDITIONS = DEBUG;
				SWIFT_OPTIMIZATION_LEVEL = "-Onone";
				TARGETED_DEVICE_FAMILY = "1,2";
			};
			name = Debug;
		};
		321319611DE0F61500FB1774 /* Release */ = {
			isa = XCBuildConfiguration;
			buildSettings = {
				ALWAYS_SEARCH_USER_PATHS = NO;
				CLANG_ANALYZER_NONNULL = YES;
				CLANG_CXX_LANGUAGE_STANDARD = "gnu++0x";
				CLANG_CXX_LIBRARY = "libc++";
				CLANG_ENABLE_MODULES = YES;
				CLANG_ENABLE_OBJC_ARC = YES;
				CLANG_WARN_BOOL_CONVERSION = YES;
				CLANG_WARN_CONSTANT_CONVERSION = YES;
				CLANG_WARN_DIRECT_OBJC_ISA_USAGE = YES_ERROR;
				CLANG_WARN_DOCUMENTATION_COMMENTS = YES;
				CLANG_WARN_EMPTY_BODY = YES;
				CLANG_WARN_ENUM_CONVERSION = YES;
				CLANG_WARN_INFINITE_RECURSION = YES;
				CLANG_WARN_INT_CONVERSION = YES;
				CLANG_WARN_OBJC_ROOT_CLASS = YES_ERROR;
				CLANG_WARN_SUSPICIOUS_MOVES = YES;
				CLANG_WARN_UNREACHABLE_CODE = YES;
				CLANG_WARN__DUPLICATE_METHOD_MATCH = YES;
				"CODE_SIGN_IDENTITY[sdk=iphoneos*]" = "iPhone Developer";
				COPY_PHASE_STRIP = NO;
				DEBUG_INFORMATION_FORMAT = "dwarf-with-dsym";
				ENABLE_NS_ASSERTIONS = NO;
				ENABLE_STRICT_OBJC_MSGSEND = YES;
				ENABLE_TESTABILITY = NO;
				GCC_C_LANGUAGE_STANDARD = gnu99;
				GCC_NO_COMMON_BLOCKS = YES;
				GCC_WARN_64_TO_32_BIT_CONVERSION = YES;
				GCC_WARN_ABOUT_RETURN_TYPE = YES_ERROR;
				GCC_WARN_UNDECLARED_SELECTOR = YES;
				GCC_WARN_UNINITIALIZED_AUTOS = YES_AGGRESSIVE;
				GCC_WARN_UNUSED_FUNCTION = YES;
				GCC_WARN_UNUSED_VARIABLE = YES;
				IPHONEOS_DEPLOYMENT_TARGET = 10.1;
				MTL_ENABLE_DEBUG_INFO = NO;
				SDKROOT = iphoneos;
				SWIFT_OPTIMIZATION_LEVEL = "-Owholemodule";
				TARGETED_DEVICE_FAMILY = "1,2";
				VALIDATE_PRODUCT = YES;
			};
			name = Release;
		};
		321319631DE0F61500FB1774 /* Debug */ = {
			isa = XCBuildConfiguration;
			buildSettings = {
				ASSETCATALOG_COMPILER_APPICON_NAME = AppIcon;
				DEVELOPMENT_TEAM = 5E82HJH2N5;
				ENABLE_BITCODE = YES;
				FRAMEWORK_SEARCH_PATHS = (
					"$(inherited)",
					"$(PROJECT_DIR)",
					"$(PROJECT_DIR)/Carthage/Build/iOS",
				);
				INFOPLIST_FILE = BlackNectar/Info.plist;
				IPHONEOS_DEPLOYMENT_TARGET = 10.0;
				LD_RUNPATH_SEARCH_PATHS = "$(inherited) @executable_path/Frameworks";
				PRODUCT_BUNDLE_IDENTIFIER = tech.blacksource.blacknectar.BlackNectar;
				PRODUCT_NAME = "$(TARGET_NAME)";
				SWIFT_VERSION = 3.0.1;
			};
			name = Debug;
		};
		321319641DE0F61500FB1774 /* Release */ = {
			isa = XCBuildConfiguration;
			buildSettings = {
				ASSETCATALOG_COMPILER_APPICON_NAME = AppIcon;
				DEVELOPMENT_TEAM = 5E82HJH2N5;
				ENABLE_BITCODE = YES;
				FRAMEWORK_SEARCH_PATHS = (
					"$(inherited)",
					"$(PROJECT_DIR)",
					"$(PROJECT_DIR)/Carthage/Build/iOS",
				);
				INFOPLIST_FILE = BlackNectar/Info.plist;
				IPHONEOS_DEPLOYMENT_TARGET = 10.0;
				LD_RUNPATH_SEARCH_PATHS = "$(inherited) @executable_path/Frameworks";
				PRODUCT_BUNDLE_IDENTIFIER = tech.blacksource.blacknectar.BlackNectar;
				PRODUCT_NAME = "$(TARGET_NAME)";
				SWIFT_VERSION = 3.0.1;
			};
			name = Release;
		};
		321319661DE0F61500FB1774 /* Debug */ = {
			isa = XCBuildConfiguration;
			buildSettings = {
				ALWAYS_EMBED_SWIFT_STANDARD_LIBRARIES = YES;
				BUNDLE_LOADER = "$(TEST_HOST)";
				DEVELOPMENT_TEAM = 268HJM5ELZ;
				FRAMEWORK_SEARCH_PATHS = (
					"$(inherited)",
					"$(PROJECT_DIR)/Carthage/Build/iOS",
				);
				INFOPLIST_FILE = BlackNectarTests/Info.plist;
				LD_RUNPATH_SEARCH_PATHS = "$(inherited) @executable_path/Frameworks @loader_path/Frameworks";
				PRODUCT_BUNDLE_IDENTIFIER = Dero.BlackNectarTests;
				PRODUCT_NAME = "$(TARGET_NAME)";
				SWIFT_VERSION = 3.0;
				TEST_HOST = "$(BUILT_PRODUCTS_DIR)/BlackNectar.app/BlackNectar";
			};
			name = Debug;
		};
		321319671DE0F61500FB1774 /* Release */ = {
			isa = XCBuildConfiguration;
			buildSettings = {
				ALWAYS_EMBED_SWIFT_STANDARD_LIBRARIES = YES;
				BUNDLE_LOADER = "$(TEST_HOST)";
				DEVELOPMENT_TEAM = 268HJM5ELZ;
				FRAMEWORK_SEARCH_PATHS = (
					"$(inherited)",
					"$(PROJECT_DIR)/Carthage/Build/iOS",
				);
				INFOPLIST_FILE = BlackNectarTests/Info.plist;
				LD_RUNPATH_SEARCH_PATHS = "$(inherited) @executable_path/Frameworks @loader_path/Frameworks";
				PRODUCT_BUNDLE_IDENTIFIER = Dero.BlackNectarTests;
				PRODUCT_NAME = "$(TARGET_NAME)";
				SWIFT_VERSION = 3.0;
				TEST_HOST = "$(BUILT_PRODUCTS_DIR)/BlackNectar.app/BlackNectar";
			};
			name = Release;
		};
		321319691DE0F61500FB1774 /* Debug */ = {
			isa = XCBuildConfiguration;
			buildSettings = {
				ALWAYS_EMBED_SWIFT_STANDARD_LIBRARIES = YES;
				DEVELOPMENT_TEAM = 268HJM5ELZ;
				INFOPLIST_FILE = BlackNectarUITests/Info.plist;
				LD_RUNPATH_SEARCH_PATHS = "$(inherited) @executable_path/Frameworks @loader_path/Frameworks";
				PRODUCT_BUNDLE_IDENTIFIER = Dero.BlackNectarUITests;
				PRODUCT_NAME = "$(TARGET_NAME)";
				SWIFT_VERSION = 3.0;
				TEST_TARGET_NAME = BlackNectar;
			};
			name = Debug;
		};
		3213196A1DE0F61500FB1774 /* Release */ = {
			isa = XCBuildConfiguration;
			buildSettings = {
				ALWAYS_EMBED_SWIFT_STANDARD_LIBRARIES = YES;
				DEVELOPMENT_TEAM = 268HJM5ELZ;
				INFOPLIST_FILE = BlackNectarUITests/Info.plist;
				LD_RUNPATH_SEARCH_PATHS = "$(inherited) @executable_path/Frameworks @loader_path/Frameworks";
				PRODUCT_BUNDLE_IDENTIFIER = Dero.BlackNectarUITests;
				PRODUCT_NAME = "$(TARGET_NAME)";
				SWIFT_VERSION = 3.0;
				TEST_TARGET_NAME = BlackNectar;
			};
			name = Release;
		};
/* End XCBuildConfiguration section */

/* Begin XCConfigurationList section */
		321319351DE0F61500FB1774 /* Build configuration list for PBXProject "BlackNectar" */ = {
			isa = XCConfigurationList;
			buildConfigurations = (
				321319601DE0F61500FB1774 /* Debug */,
				321319611DE0F61500FB1774 /* Release */,
			);
			defaultConfigurationIsVisible = 0;
			defaultConfigurationName = Release;
		};
		321319621DE0F61500FB1774 /* Build configuration list for PBXNativeTarget "BlackNectar" */ = {
			isa = XCConfigurationList;
			buildConfigurations = (
				321319631DE0F61500FB1774 /* Debug */,
				321319641DE0F61500FB1774 /* Release */,
			);
			defaultConfigurationIsVisible = 0;
			defaultConfigurationName = Release;
		};
		321319651DE0F61500FB1774 /* Build configuration list for PBXNativeTarget "BlackNectarTests" */ = {
			isa = XCConfigurationList;
			buildConfigurations = (
				321319661DE0F61500FB1774 /* Debug */,
				321319671DE0F61500FB1774 /* Release */,
			);
			defaultConfigurationIsVisible = 0;
			defaultConfigurationName = Release;
		};
		321319681DE0F61500FB1774 /* Build configuration list for PBXNativeTarget "BlackNectarUITests" */ = {
			isa = XCConfigurationList;
			buildConfigurations = (
				321319691DE0F61500FB1774 /* Debug */,
				3213196A1DE0F61500FB1774 /* Release */,
			);
			defaultConfigurationIsVisible = 0;
			defaultConfigurationName = Release;
		};
/* End XCConfigurationList section */
	};
	rootObject = 321319321DE0F61500FB1774 /* Project object */;
}
